
Microsoft Visual Studio Solution File, Format Version 12.00
# Visual Studio Version 17
VisualStudioVersion = 17.2.32630.192
MinimumVisualStudioVersion = 10.0.40219.1
Project("{9A19103F-16F7-4668-BE54-9A1E7A4F7556}") = "R5T.L0076.Construction", "R5T.L0076.Construction\R5T.L0076.Construction.csproj", "{EFB4B1DF-2928-4F08-B0B6-89513846683A}"
EndProject
Project("{9A19103F-16F7-4668-BE54-9A1E7A4F7556}") = "R5T.L0076", "R5T.L0076\R5T.L0076.csproj", "{A7055DBD-95B6-409E-9E94-C137C5E14D0C}"
EndProject
Project("{9A19103F-16F7-4668-BE54-9A1E7A4F7556}") = "R5T.L0076.T000", "R5T.L0076.T000\R5T.L0076.T000.csproj", "{FFEC3BC7-5C56-4F85-8A54-757372D605DA}"
EndProject
Project("{2150E333-8FDC-42A3-9474-1A3956D46DE8}") = "_Dependencies", "_Dependencies", "{B672AA7E-533A-433B-A398-EAD9F59935EA}"
EndProject
Project("{9A19103F-16F7-4668-BE54-9A1E7A4F7556}") = "R5T.F0000", "..\..\R5T.F0000\source\R5T.F0000\R5T.F0000.csproj", "{F61D6DF8-3A66-4CF6-B755-089D9B004AB8}"
EndProject
Project("{9A19103F-16F7-4668-BE54-9A1E7A4F7556}") = "R5T.F0002", "..\..\R5T.F0002\source\R5T.F0002\R5T.F0002.csproj", "{406D1DF6-0700-4C57-A0EB-EC43AA4CCBBA}"
EndProject
Project("{9A19103F-16F7-4668-BE54-9A1E7A4F7556}") = "R5T.F0059", "..\..\R5T.F0059\source\R5T.F0059\R5T.F0059.csproj", "{23E31DC1-7352-46EE-A7D8-D38B0BD472F8}"
EndProject
Project("{9A19103F-16F7-4668-BE54-9A1E7A4F7556}") = "R5T.F0120", "..\..\R5T.F0120\source\R5T.F0120\R5T.F0120.csproj", "{14C5DB85-A56F-4B75-B8CD-824B71CB1519}"
EndProject
Project("{9A19103F-16F7-4668-BE54-9A1E7A4F7556}") = "R5T.F0124", "..\..\R5T.F0124\source\R5T.F0124\R5T.F0124.csproj", "{8320BB09-A6BC-441D-8B7B-2152B834E4F4}"
EndProject
Project("{9A19103F-16F7-4668-BE54-9A1E7A4F7556}") = "R5T.F0125", "..\..\R5T.F0125\source\R5T.F0125\R5T.F0125.csproj", "{72DE5931-EBF3-42A4-9F3A-DF6ED2954574}"
EndProject
Project("{9A19103F-16F7-4668-BE54-9A1E7A4F7556}") = "R5T.L0030.T000", "..\..\R5T.L0030\source\R5T.L0030.T000\R5T.L0030.T000.csproj", "{A486D80C-16DD-4E0E-B18B-5D66E526B1E8}"
EndProject
Project("{9A19103F-16F7-4668-BE54-9A1E7A4F7556}") = "R5T.L0030", "..\..\R5T.L0030\source\R5T.L0030\R5T.L0030.csproj", "{1884824E-925A-42C2-A9B1-BFAD10B4CFF9}"
EndProject
Project("{9A19103F-16F7-4668-BE54-9A1E7A4F7556}") = "R5T.L0034", "..\..\R5T.L0034\source\R5T.L0034\R5T.L0034.csproj", "{159B7CF3-5609-4AA8-A4DE-496B893CDAC7}"
EndProject
Project("{9A19103F-16F7-4668-BE54-9A1E7A4F7556}") = "R5T.L0035", "..\..\R5T.L0035\source\R5T.L0035\R5T.L0035.csproj", "{B7D3EF4E-3B64-4408-84A1-2250540A2823}"
EndProject
Project("{9A19103F-16F7-4668-BE54-9A1E7A4F7556}") = "R5T.L0053", "..\..\R5T.L0053\source\R5T.L0053\R5T.L0053.csproj", "{69742478-9E3E-4E83-A8CF-9AAED756EF33}"
EndProject
Project("{9A19103F-16F7-4668-BE54-9A1E7A4F7556}") = "R5T.L0056", "..\..\R5T.L0056\source\R5T.L0056\R5T.L0056.csproj", "{7F836F22-999D-4777-AD68-7A42C883F4FC}"
EndProject
Project("{9A19103F-16F7-4668-BE54-9A1E7A4F7556}") = "R5T.L0066", "..\..\R5T.L0066\source\R5T.L0066\R5T.L0066.csproj", "{001AFAFA-A0FE-4575-8088-EF6A1749C749}"
EndProject
Project("{9A19103F-16F7-4668-BE54-9A1E7A4F7556}") = "R5T.L0071", "..\..\R5T.L0071\source\R5T.L0071\R5T.L0071.csproj", "{50A4FF79-A948-4B44-AFE2-8FBA9178EC3B}"
EndProject
Project("{9A19103F-16F7-4668-BE54-9A1E7A4F7556}") = "R5T.L0074", "..\..\R5T.L0074\source\R5T.L0074\R5T.L0074.csproj", "{1182DC4D-A99A-4111-91EE-551F1A07DCD2}"
EndProject
Project("{9A19103F-16F7-4668-BE54-9A1E7A4F7556}") = "R5T.NG0006", "..\..\R5T.NG0006\source\R5T.NG0006\R5T.NG0006.csproj", "{70B1E0F2-9114-4047-99B3-DE91D2978795}"
EndProject
Project("{9A19103F-16F7-4668-BE54-9A1E7A4F7556}") = "R5T.NG0022", "..\..\R5T.NG0022\source\R5T.NG0022\R5T.NG0022.csproj", "{3ED87675-87B6-47EE-A698-781872827B52}"
EndProject
Project("{9A19103F-16F7-4668-BE54-9A1E7A4F7556}") = "R5T.T0131", "..\..\R5T.T0131\source\R5T.T0131\R5T.T0131.csproj", "{283AC002-4199-4ABE-86CF-FBDA7B26DC2F}"
EndProject
Project("{9A19103F-16F7-4668-BE54-9A1E7A4F7556}") = "R5T.T0132", "..\..\R5T.T0132\source\R5T.T0132\R5T.T0132.csproj", "{AA6C45A7-4283-43A8-B5C6-62AB5BA6C9AD}"
EndProject
Project("{9A19103F-16F7-4668-BE54-9A1E7A4F7556}") = "R5T.T0142", "..\..\R5T.T0142\source\R5T.T0142\R5T.T0142.csproj", "{2D050C8D-3132-4972-933D-8497C6BBF4A5}"
EndProject
Project("{9A19103F-16F7-4668-BE54-9A1E7A4F7556}") = "R5T.T0143", "..\..\R5T.T0143\source\R5T.T0143\R5T.T0143.csproj", "{0DCADA24-D05E-4056-B240-3BE270213E31}"
EndProject
Project("{9A19103F-16F7-4668-BE54-9A1E7A4F7556}") = "R5T.T0150", "..\..\R5T.T0150\source\R5T.T0150\R5T.T0150.csproj", "{EEABB6BF-6EB2-4032-A72C-341C8815F666}"
EndProject
Project("{9A19103F-16F7-4668-BE54-9A1E7A4F7556}") = "R5T.T0151", "..\..\R5T.T0151\source\R5T.T0151\R5T.T0151.csproj", "{E6DD232D-C55B-4BB5-B79E-FA074F7781F8}"
EndProject
Project("{9A19103F-16F7-4668-BE54-9A1E7A4F7556}") = "R5T.T0156", "..\..\R5T.T0156\source\R5T.T0156\R5T.T0156.csproj", "{B4A8442D-9FCB-44F9-A8A7-3EDE8A063A7F}"
EndProject
Project("{9A19103F-16F7-4668-BE54-9A1E7A4F7556}") = "R5T.T0158", "..\..\R5T.T0158\source\R5T.T0158\R5T.T0158.csproj", "{3A142D9D-5D94-4644-A243-631F0AEFE851}"
EndProject
Project("{9A19103F-16F7-4668-BE54-9A1E7A4F7556}") = "R5T.T0159", "..\..\R5T.T0159\source\R5T.T0159\R5T.T0159.csproj", "{5A8F9FCE-91BC-4660-872B-3AEA9C86B070}"
EndProject
Project("{9A19103F-16F7-4668-BE54-9A1E7A4F7556}") = "R5T.T0172", "..\..\R5T.T0172\source\R5T.T0172\R5T.T0172.csproj", "{E75E5EE6-13D3-41E2-9AA3-B390EB05087F}"
EndProject
Project("{9A19103F-16F7-4668-BE54-9A1E7A4F7556}") = "R5T.T0174", "..\..\R5T.T0174\source\R5T.T0174\R5T.T0174.csproj", "{045A18CD-C2B1-4A0B-BDC5-12C5E5A320D4}"
EndProject
Project("{9A19103F-16F7-4668-BE54-9A1E7A4F7556}") = "R5T.T0176", "..\..\R5T.T0176\source\R5T.T0176\R5T.T0176.csproj", "{BA3A3206-8417-4C1E-8476-EAEA73334310}"
EndProject
Project("{9A19103F-16F7-4668-BE54-9A1E7A4F7556}") = "R5T.T0177", "..\..\R5T.T0177\source\R5T.T0177\R5T.T0177.csproj", "{AC1A271D-2844-4CB2-8A08-62332CCE2F3E}"
EndProject
Project("{9A19103F-16F7-4668-BE54-9A1E7A4F7556}") = "R5T.T0178", "..\..\R5T.T0178\source\R5T.T0178\R5T.T0178.csproj", "{23DD4AED-0D7A-4657-A92D-C5BC21A5C4D2}"
EndProject
Project("{9A19103F-16F7-4668-BE54-9A1E7A4F7556}") = "R5T.T0179", "..\..\R5T.T0179\source\R5T.T0179\R5T.T0179.csproj", "{AAE05868-0050-4281-A1F4-F284690CC5F9}"
EndProject
Project("{9A19103F-16F7-4668-BE54-9A1E7A4F7556}") = "R5T.T0180", "..\..\R5T.T0180\source\R5T.T0180\R5T.T0180.csproj", "{81218B2C-699D-4900-A526-3E4958D5FABF}"
EndProject
Project("{9A19103F-16F7-4668-BE54-9A1E7A4F7556}") = "R5T.T0181", "..\..\R5T.T0181\source\R5T.T0181\R5T.T0181.csproj", "{450A8CF3-6130-49A1-813B-EA950ABED48F}"
EndProject
Project("{9A19103F-16F7-4668-BE54-9A1E7A4F7556}") = "R5T.T0185", "..\..\R5T.T0185\source\R5T.T0185\R5T.T0185.csproj", "{5540D361-D59A-4612-8FC1-EB3762EB0737}"
EndProject
Project("{9A19103F-16F7-4668-BE54-9A1E7A4F7556}") = "R5T.T0199.T000", "..\..\R5T.T0199\source\R5T.T0199.T000\R5T.T0199.T000.csproj", "{47A05A61-2974-43A5-8A11-FD7DFF605943}"
EndProject
Project("{9A19103F-16F7-4668-BE54-9A1E7A4F7556}") = "R5T.T0199.T001", "..\..\R5T.T0199\source\R5T.T0199.T001\R5T.T0199.T001.csproj", "{42C88723-2DC6-4ECF-A790-8C1305EE24C2}"
EndProject
Project("{9A19103F-16F7-4668-BE54-9A1E7A4F7556}") = "R5T.T0199", "..\..\R5T.T0199\source\R5T.T0199\R5T.T0199.csproj", "{7C86FA76-6579-4920-ABBA-EC8680BB95B3}"
EndProject
Project("{9A19103F-16F7-4668-BE54-9A1E7A4F7556}") = "R5T.T0203", "..\..\R5T.T0203\source\R5T.T0203\R5T.T0203.csproj", "{9F2CD123-A5E6-4230-9D6D-FFD4CE729142}"
EndProject
Project("{9A19103F-16F7-4668-BE54-9A1E7A4F7556}") = "R5T.T0213", "..\..\R5T.T0213\source\R5T.T0213\R5T.T0213.csproj", "{35C8D57C-74AC-436F-8730-DB2905469962}"
EndProject
Project("{9A19103F-16F7-4668-BE54-9A1E7A4F7556}") = "R5T.T0218", "..\..\R5T.T0218\source\R5T.T0218\R5T.T0218.csproj", "{5E486B89-7876-4EC4-9B6D-2325B0D820AD}"
EndProject
Project("{9A19103F-16F7-4668-BE54-9A1E7A4F7556}") = "R5T.T0219", "..\..\R5T.T0219\source\R5T.T0219\R5T.T0219.csproj", "{8E218E85-399A-4273-B02B-FCEE7819ABD2}"
EndProject
Project("{9A19103F-16F7-4668-BE54-9A1E7A4F7556}") = "R5T.T0220", "..\..\R5T.T0220\source\R5T.T0220\R5T.T0220.csproj", "{5572C3D2-5E3A-46E7-B098-2E55C0F75B58}"
EndProject
Project("{9A19103F-16F7-4668-BE54-9A1E7A4F7556}") = "R5T.T0221", "..\..\R5T.T0221\source\R5T.T0221\R5T.T0221.csproj", "{43738631-F911-4F6F-875C-EB8A7413C3F2}"
EndProject
Project("{9A19103F-16F7-4668-BE54-9A1E7A4F7556}") = "R5T.T0227", "..\..\R5T.T0227\source\R5T.T0227\R5T.T0227.csproj", "{0951F994-8F63-447F-9A6F-73511B21D957}"
EndProject
Project("{9A19103F-16F7-4668-BE54-9A1E7A4F7556}") = "R5T.Y0000", "..\..\R5T.Y0000\source\R5T.Y0000\R5T.Y0000.csproj", "{DED50004-00CF-4116-A260-B921EC85BDC0}"
EndProject
Project("{9A19103F-16F7-4668-BE54-9A1E7A4F7556}") = "R5T.Y0006", "..\..\R5T.Y0006\source\R5T.Y0006\R5T.Y0006.csproj", "{88253A36-2035-4C23-8D24-2C67CCA187CD}"
EndProject
Project("{9A19103F-16F7-4668-BE54-9A1E7A4F7556}") = "R5T.Z0000", "..\..\R5T.Z0000\source\R5T.Z0000\R5T.Z0000.csproj", "{9B01B753-1173-4291-895F-6B5B3150805D}"
EndProject
Project("{9A19103F-16F7-4668-BE54-9A1E7A4F7556}") = "R5T.Z0010.Platform", "..\..\R5T.Z0010\source\R5T.Z0010.Platform\R5T.Z0010.Platform.csproj", "{770D955C-E90F-4E02-8D2A-FFD813732841}"
EndProject
Project("{9A19103F-16F7-4668-BE54-9A1E7A4F7556}") = "R5T.Z0010", "..\..\R5T.Z0010\source\R5T.Z0010\R5T.Z0010.csproj", "{88937564-F0B0-4C09-B063-56B63AA992F6}"
EndProject
Project("{9A19103F-16F7-4668-BE54-9A1E7A4F7556}") = "R5T.Z0057.Platform", "..\..\R5T.Z0057\source\R5T.Z0057.Platform\R5T.Z0057.Platform.csproj", "{E684A20D-F1EA-4A8A-A2AD-49C5916343B8}"
EndProject
Project("{9A19103F-16F7-4668-BE54-9A1E7A4F7556}") = "R5T.Z0057", "..\..\R5T.Z0057\source\R5T.Z0057\R5T.Z0057.csproj", "{F242D6BE-F8DC-49B0-8C49-398932B73519}"
EndProject
Project("{9A19103F-16F7-4668-BE54-9A1E7A4F7556}") = "R5T.Z0058", "..\..\R5T.Z0058\source\R5T.Z0058\R5T.Z0058.csproj", "{DA68C2DC-956B-40FF-B983-4119D152C17B}"
EndProject
Project("{9A19103F-16F7-4668-BE54-9A1E7A4F7556}") = "R5T.T0233", "..\..\R5T.T0233\source\R5T.T0233\R5T.T0233.csproj", "{B53E8851-729A-4309-BE43-9D3FA465ED3E}"
EndProject
Project("{9A19103F-16F7-4668-BE54-9A1E7A4F7556}") = "R5T.T0137", "..\..\R5T.T0137\source\R5T.T0137\R5T.T0137.csproj", "{42F3A77A-F71E-4FEC-9A07-606EF4EA4EA9}"
EndProject
Project("{9A19103F-16F7-4668-BE54-9A1E7A4F7556}") = "R5T.T0234", "..\..\R5T.T0234\source\R5T.T0234\R5T.T0234.csproj", "{EFDCB25D-A8DD-47CB-A54B-BC5DC4D7A8C5}"
EndProject
Project("{9A19103F-16F7-4668-BE54-9A1E7A4F7556}") = "R5T.L0076.O001", "R5T.L0076.O001\R5T.L0076.O001.csproj", "{8C457CA4-112A-460C-9F97-D4F9E69D5106}"
EndProject
Project("{9A19103F-16F7-4668-BE54-9A1E7A4F7556}") = "R5T.L0032.F003", "..\..\R5T.L0032\source\R5T.L0032.F003\R5T.L0032.F003.csproj", "{DBE485ED-0FBF-456D-B440-0C78E03FE735}"
EndProject
Project("{9A19103F-16F7-4668-BE54-9A1E7A4F7556}") = "R5T.L0032.F004", "..\..\R5T.L0032\source\R5T.L0032.F004\R5T.L0032.F004.csproj", "{C4045D95-1CC4-46CA-A84D-3799201AF843}"
EndProject
Project("{9A19103F-16F7-4668-BE54-9A1E7A4F7556}") = "R5T.L0032.Y000", "..\..\R5T.L0032\source\R5T.L0032.Y000\R5T.L0032.Y000.csproj", "{EDD1E0A2-F00F-467A-B19E-CCCCF36C384B}"
EndProject
Project("{9A19103F-16F7-4668-BE54-9A1E7A4F7556}") = "R5T.L0032.Z001", "..\..\R5T.L0032\source\R5T.L0032.Z001\R5T.L0032.Z001.csproj", "{6F734EF6-9511-4892-B848-727AAE54F6CE}"
EndProject
Project("{9A19103F-16F7-4668-BE54-9A1E7A4F7556}") = "R5T.T0206", "..\..\R5T.T0206\source\R5T.T0206\R5T.T0206.csproj", "{5C48B17F-7377-4B76-8B65-7852FF6A0793}"
EndProject
Project("{9A19103F-16F7-4668-BE54-9A1E7A4F7556}") = "R5T.L0076.F000", "R5T.L0076.F000\R5T.L0076.F000.csproj", "{32EC3BB5-4D7D-46D3-8E5F-1E7714B349DA}"
EndProject
Project("{9A19103F-16F7-4668-BE54-9A1E7A4F7556}") = "R5T.T0141", "..\..\R5T.T0141\source\R5T.T0141\R5T.T0141.csproj", "{87AB4142-C124-4ED7-8947-B3F884C64A0B}"
EndProject
Project("{9A19103F-16F7-4668-BE54-9A1E7A4F7556}") = "R5T.F0020", "..\..\R5T.F0020\source\R5T.F0020\R5T.F0020.csproj", "{1F5E245A-6E7D-4125-8191-703FA16918B9}"
EndProject
Project("{9A19103F-16F7-4668-BE54-9A1E7A4F7556}") = "R5T.F0033.Platform", "..\..\R5T.F0033\source\R5T.F0033.Platform\R5T.F0033.Platform.csproj", "{AA636ABC-3006-4C06-AAFC-F506BFF625FD}"
EndProject
Project("{9A19103F-16F7-4668-BE54-9A1E7A4F7556}") = "R5T.F0033", "..\..\R5T.F0033\source\R5T.F0033\R5T.F0033.csproj", "{5F393A47-8C4C-436F-830C-E2D13FC64333}"
EndProject
Project("{9A19103F-16F7-4668-BE54-9A1E7A4F7556}") = "R5T.F0034.Platform", "..\..\R5T.F0034\source\R5T.F0034.Platform\R5T.F0034.Platform.csproj", "{2011E9AF-AAF6-4DF5-9CFC-68C603A920F9}"
EndProject
Project("{9A19103F-16F7-4668-BE54-9A1E7A4F7556}") = "R5T.F0034", "..\..\R5T.F0034\source\R5T.F0034\R5T.F0034.csproj", "{259D543A-7D18-4ECB-9696-B63C8E6BE8E9}"
EndProject
Project("{9A19103F-16F7-4668-BE54-9A1E7A4F7556}") = "R5T.F0035.F001", "..\..\R5T.F0035\source\R5T.F0035.F001\R5T.F0035.F001.csproj", "{29716AEC-65C2-4BCC-9421-84CE3B669E73}"
EndProject
Project("{9A19103F-16F7-4668-BE54-9A1E7A4F7556}") = "R5T.F0040.F000", "..\..\R5T.F0040\source\R5T.F0040.F000\R5T.F0040.F000.csproj", "{79B2EA6B-FA79-473A-8498-B916E89292FE}"
EndProject
Project("{9A19103F-16F7-4668-BE54-9A1E7A4F7556}") = "R5T.F0040", "..\..\R5T.F0040\source\R5T.F0040\R5T.F0040.csproj", "{A1F151C3-1DA2-415F-AB9E-B02B683B5A7B}"
EndProject
Project("{9A19103F-16F7-4668-BE54-9A1E7A4F7556}") = "R5T.F0138", "..\..\R5T.F0138\source\R5T.F0138\R5T.F0138.csproj", "{4A8ADFC2-C2E8-46D7-89E8-23564F81DF21}"
EndProject
Project("{9A19103F-16F7-4668-BE54-9A1E7A4F7556}") = "R5T.F0139", "..\..\R5T.F0139\source\R5T.F0139\R5T.F0139.csproj", "{5EEB5198-EDD8-4924-8D7D-3188462B3E8C}"
EndProject
Project("{9A19103F-16F7-4668-BE54-9A1E7A4F7556}") = "R5T.F0140", "..\..\R5T.F0140\source\R5T.F0140\R5T.F0140.csproj", "{1C5103C3-6746-49DF-B592-23E4AC3276F9}"
EndProject
Project("{9A19103F-16F7-4668-BE54-9A1E7A4F7556}") = "R5T.L0032.T000", "..\..\R5T.L0032\source\R5T.L0032.T000\R5T.L0032.T000.csproj", "{E57C6FC7-F253-4D5C-8B8C-858D3A0879FD}"
EndProject
Project("{9A19103F-16F7-4668-BE54-9A1E7A4F7556}") = "R5T.L0055", "..\..\R5T.L0055\source\R5T.L0055\R5T.L0055.csproj", "{76986EBF-E12B-4F82-84BC-4B137AEDD369}"
EndProject
Project("{9A19103F-16F7-4668-BE54-9A1E7A4F7556}") = "R5T.L0057", "..\..\R5T.L0057\source\R5T.L0057\R5T.L0057.csproj", "{6CFEB184-1D48-4318-8938-745C3B784AFA}"
EndProject
Project("{9A19103F-16F7-4668-BE54-9A1E7A4F7556}") = "R5T.L0058", "..\..\R5T.L0058\source\R5T.L0058\R5T.L0058.csproj", "{6A77E746-AA52-4296-93C0-86B6AB6DA2AE}"
EndProject
Project("{9A19103F-16F7-4668-BE54-9A1E7A4F7556}") = "R5T.L0061", "..\..\R5T.L0061\source\R5T.L0061\R5T.L0061.csproj", "{130C003B-027C-4C68-87F8-7858B1AD2866}"
EndProject
Project("{9A19103F-16F7-4668-BE54-9A1E7A4F7556}") = "R5T.L0064.F001", "..\..\R5T.L0064\source\R5T.L0064.F001\R5T.L0064.F001.csproj", "{EEC942F9-41A7-45A1-964A-C7E8C91C06E5}"
EndProject
Project("{9A19103F-16F7-4668-BE54-9A1E7A4F7556}") = "R5T.NG0002", "..\..\R5T.NG0002\source\R5T.NG0002\R5T.NG0002.csproj", "{4A26A439-72EE-4720-9364-2898F3A7E817}"
EndProject
Project("{9A19103F-16F7-4668-BE54-9A1E7A4F7556}") = "R5T.NG0007", "..\..\R5T.NG0007\source\R5T.NG0007\R5T.NG0007.csproj", "{874F10B3-457C-4985-9FD1-95BD60CF327F}"
EndProject
Project("{9A19103F-16F7-4668-BE54-9A1E7A4F7556}") = "R5T.NG0010", "..\..\R5T.NG0010\source\R5T.NG0010\R5T.NG0010.csproj", "{073B6E3E-496D-4B49-9106-6A5E48C389AC}"
EndProject
Project("{9A19103F-16F7-4668-BE54-9A1E7A4F7556}") = "R5T.T0148", "..\..\R5T.T0148\source\R5T.T0148\R5T.T0148.csproj", "{329BD7E9-BFDE-438E-BF39-D74B171155C7}"
EndProject
Project("{9A19103F-16F7-4668-BE54-9A1E7A4F7556}") = "R5T.T0152", "..\..\R5T.T0152\source\R5T.T0152\R5T.T0152.csproj", "{92A670D7-7675-4CCA-B494-698ABC5A6889}"
EndProject
Project("{9A19103F-16F7-4668-BE54-9A1E7A4F7556}") = "R5T.T0158.F000", "..\..\R5T.T0158\source\R5T.T0158.F000\R5T.T0158.F000.csproj", "{12E56D54-921B-4760-BD36-4649D7685BCE}"
EndProject
Project("{9A19103F-16F7-4668-BE54-9A1E7A4F7556}") = "R5T.T0158.T000", "..\..\R5T.T0158\source\R5T.T0158.T000\R5T.T0158.T000.csproj", "{559B253C-7FD2-414D-93FA-A3A25A06E9D8}"
EndProject
Project("{9A19103F-16F7-4668-BE54-9A1E7A4F7556}") = "R5T.T0159.F000", "..\..\R5T.T0159\source\R5T.T0159.F000\R5T.T0159.F000.csproj", "{BCA43D58-85FA-4E8B-8184-83AF5E0BC464}"
EndProject
Project("{9A19103F-16F7-4668-BE54-9A1E7A4F7556}") = "R5T.T0161", "..\..\R5T.T0161\source\R5T.T0161\R5T.T0161.csproj", "{8FD7D0A3-9F92-4A78-95A7-8E8D85F9BCEC}"
EndProject
Project("{9A19103F-16F7-4668-BE54-9A1E7A4F7556}") = "R5T.T0184", "..\..\R5T.T0184\source\R5T.T0184\R5T.T0184.csproj", "{D4A950F6-B65D-4336-9F26-E8CB80242AAD}"
EndProject
Project("{9A19103F-16F7-4668-BE54-9A1E7A4F7556}") = "R5T.T0186", "..\..\R5T.T0186\source\R5T.T0186\R5T.T0186.csproj", "{5168B760-C72E-419A-BF3B-AEAB8FAF3DD7}"
EndProject
Project("{9A19103F-16F7-4668-BE54-9A1E7A4F7556}") = "R5T.T0187", "..\..\R5T.T0187\source\R5T.T0187\R5T.T0187.csproj", "{2439558C-5966-4E58-84C3-86760F351F31}"
EndProject
Project("{9A19103F-16F7-4668-BE54-9A1E7A4F7556}") = "R5T.T0196", "..\..\R5T.T0196\source\R5T.T0196\R5T.T0196.csproj", "{951CB6D3-2EE9-4586-8B14-EC1088CC22FC}"
EndProject
Project("{9A19103F-16F7-4668-BE54-9A1E7A4F7556}") = "R5T.T0197", "..\..\R5T.T0197\source\R5T.T0197\R5T.T0197.csproj", "{2C6B1770-E336-4B57-9647-2355BA7E0AEA}"
EndProject
Project("{9A19103F-16F7-4668-BE54-9A1E7A4F7556}") = "R5T.T0198", "..\..\R5T.T0198\source\R5T.T0198\R5T.T0198.csproj", "{E1FB9CCA-6DFC-40EC-8E1F-4061893586A2}"
EndProject
Project("{9A19103F-16F7-4668-BE54-9A1E7A4F7556}") = "R5T.T0200", "..\..\R5T.T0200\source\R5T.T0200\R5T.T0200.csproj", "{96394EF2-B2C8-402A-A472-344865E652D9}"
EndProject
Project("{9A19103F-16F7-4668-BE54-9A1E7A4F7556}") = "R5T.T0214.Z001", "..\..\R5T.T0214\source\R5T.T0214.Z001\R5T.T0214.Z001.csproj", "{72DFE72D-63E3-47F1-8411-8FFDE5CB090C}"
EndProject
Project("{9A19103F-16F7-4668-BE54-9A1E7A4F7556}") = "R5T.T0214", "..\..\R5T.T0214\source\R5T.T0214\R5T.T0214.csproj", "{138F6646-BC5E-4CF2-BC8A-454CCA9D0D4C}"
EndProject
Project("{9A19103F-16F7-4668-BE54-9A1E7A4F7556}") = "R5T.T0215.Z000", "..\..\R5T.T0215\source\R5T.T0215.Z000\R5T.T0215.Z000.csproj", "{53708ED3-E59E-4D1F-ACAD-B8215D18C26E}"
EndProject
Project("{9A19103F-16F7-4668-BE54-9A1E7A4F7556}") = "R5T.T0215", "..\..\R5T.T0215\source\R5T.T0215\R5T.T0215.csproj", "{EB43F2A9-8C3C-4E2C-8F42-03F47729F16E}"
EndProject
Project("{9A19103F-16F7-4668-BE54-9A1E7A4F7556}") = "R5T.T0216.F001", "..\..\R5T.T0216\source\R5T.T0216.F001\R5T.T0216.F001.csproj", "{33135F1A-0B5C-4669-A446-D266AD39D863}"
EndProject
Project("{9A19103F-16F7-4668-BE54-9A1E7A4F7556}") = "R5T.T0216", "..\..\R5T.T0216\source\R5T.T0216\R5T.T0216.csproj", "{B4CDA77F-1C1E-4B5C-A339-4407515E9EC1}"
EndProject
Project("{9A19103F-16F7-4668-BE54-9A1E7A4F7556}") = "R5T.T0217.F001", "..\..\R5T.T0217\source\R5T.T0217.F001\R5T.T0217.F001.csproj", "{607E8139-10B3-4B78-BE03-7B2DEDC80472}"
EndProject
Project("{9A19103F-16F7-4668-BE54-9A1E7A4F7556}") = "R5T.T0217", "..\..\R5T.T0217\source\R5T.T0217\R5T.T0217.csproj", "{617FE1FE-2DB0-468F-8AA1-B6C4674F7626}"
EndProject
Project("{9A19103F-16F7-4668-BE54-9A1E7A4F7556}") = "R5T.T0224", "..\..\R5T.T0224\source\R5T.T0224\R5T.T0224.csproj", "{D299A545-668D-4A65-B8F4-34F539960311}"
EndProject
Project("{9A19103F-16F7-4668-BE54-9A1E7A4F7556}") = "R5T.Z0012", "..\..\R5T.Z0012\source\R5T.Z0012\R5T.Z0012.csproj", "{97A12A3E-D0FE-466E-A6FE-9B68F8E1B189}"
EndProject
Project("{9A19103F-16F7-4668-BE54-9A1E7A4F7556}") = "R5T.Z0044.Z000", "..\..\R5T.Z0044\source\R5T.Z0044.Z000\R5T.Z0044.Z000.csproj", "{7157B795-19BC-4A10-9576-D26FDF0F86D8}"
EndProject
Project("{9A19103F-16F7-4668-BE54-9A1E7A4F7556}") = "R5T.Z0046.Platform", "..\..\R5T.Z0046\source\R5T.Z0046.Platform\R5T.Z0046.Platform.csproj", "{E6E439DA-CD76-45A7-B31A-08B029070330}"
EndProject
Project("{9A19103F-16F7-4668-BE54-9A1E7A4F7556}") = "R5T.Z0046", "..\..\R5T.Z0046\source\R5T.Z0046\R5T.Z0046.csproj", "{D1F1F169-C707-416F-B1B7-D0E873B30BBF}"
EndProject
Project("{9A19103F-16F7-4668-BE54-9A1E7A4F7556}") = "R5T.Z0063.Platform", "..\..\R5T.Z0063\source\R5T.Z0063.Platform\R5T.Z0063.Platform.csproj", "{C65FD3AE-9DA3-4833-8B25-CA3CDBEA8F9C}"
EndProject
Project("{9A19103F-16F7-4668-BE54-9A1E7A4F7556}") = "R5T.Z0063", "..\..\R5T.Z0063\source\R5T.Z0063\R5T.Z0063.csproj", "{565F69FE-26EF-408D-99B6-3446D801AED4}"
EndProject
Project("{9A19103F-16F7-4668-BE54-9A1E7A4F7556}") = "R5T.L0032.F001", "..\..\R5T.L0032\source\R5T.L0032.F001\R5T.L0032.F001.csproj", "{215F6333-123A-4A54-A1BB-AC87B7F35BA3}"
EndProject
Project("{9A19103F-16F7-4668-BE54-9A1E7A4F7556}") = "R5T.L0032.F002", "..\..\R5T.L0032\source\R5T.L0032.F002\R5T.L0032.F002.csproj", "{FD0152D5-3A56-4513-B871-4D1C808803E4}"
EndProject
Project("{9A19103F-16F7-4668-BE54-9A1E7A4F7556}") = "R5T.L0032.Z000", "..\..\R5T.L0032\source\R5T.L0032.Z000\R5T.L0032.Z000.csproj", "{1A2F3AFB-8C56-4C83-B609-02CA19ED1EA5}"
EndProject
Project("{9A19103F-16F7-4668-BE54-9A1E7A4F7556}") = "R5T.L0032.Z002", "..\..\R5T.L0032\source\R5T.L0032.Z002\R5T.L0032.Z002.csproj", "{18EC49F4-1D7F-4811-9A71-1EF9882D8DF6}"
EndProject
Project("{9A19103F-16F7-4668-BE54-9A1E7A4F7556}") = "R5T.O0029.O001", "..\..\R5T.O0029\source\R5T.O0029.O001\R5T.O0029.O001.csproj", "{1D88A2DB-9C31-4C22-A542-43803D556BCA}"
EndProject
Project("{9A19103F-16F7-4668-BE54-9A1E7A4F7556}") = "R5T.O0029.O002", "..\..\R5T.O0029\source\R5T.O0029.O002\R5T.O0029.O002.csproj", "{12F09326-B69A-49BA-89B8-120363528962}"
EndProject
Project("{9A19103F-16F7-4668-BE54-9A1E7A4F7556}") = "R5T.O0029", "..\..\R5T.O0029\source\R5T.O0029\R5T.O0029.csproj", "{9AD45779-9BE3-44E2-8F9C-D1FB865FCD0E}"
EndProject
Project("{9A19103F-16F7-4668-BE54-9A1E7A4F7556}") = "R5T.Z0050.Z001", "..\..\R5T.Z0050\source\R5T.Z0050.Z001\R5T.Z0050.Z001.csproj", "{D03A8B1B-5913-406F-B0EE-195B8D30CA54}"
EndProject
Project("{9A19103F-16F7-4668-BE54-9A1E7A4F7556}") = "R5T.Z0051", "..\..\R5T.Z0051\source\R5T.Z0051\R5T.Z0051.csproj", "{2E4F5A50-845E-4021-9EC6-33A243D5AFCA}"
EndProject
Global
	GlobalSection(NestedProjects) = preSolution
		{F61D6DF8-3A66-4CF6-B755-089D9B004AB8} = {B672AA7E-533A-433B-A398-EAD9F59935EA}
		{406D1DF6-0700-4C57-A0EB-EC43AA4CCBBA} = {B672AA7E-533A-433B-A398-EAD9F59935EA}
		{23E31DC1-7352-46EE-A7D8-D38B0BD472F8} = {B672AA7E-533A-433B-A398-EAD9F59935EA}
		{14C5DB85-A56F-4B75-B8CD-824B71CB1519} = {B672AA7E-533A-433B-A398-EAD9F59935EA}
		{8320BB09-A6BC-441D-8B7B-2152B834E4F4} = {B672AA7E-533A-433B-A398-EAD9F59935EA}
		{72DE5931-EBF3-42A4-9F3A-DF6ED2954574} = {B672AA7E-533A-433B-A398-EAD9F59935EA}
		{A486D80C-16DD-4E0E-B18B-5D66E526B1E8} = {B672AA7E-533A-433B-A398-EAD9F59935EA}
		{1884824E-925A-42C2-A9B1-BFAD10B4CFF9} = {B672AA7E-533A-433B-A398-EAD9F59935EA}
		{159B7CF3-5609-4AA8-A4DE-496B893CDAC7} = {B672AA7E-533A-433B-A398-EAD9F59935EA}
		{B7D3EF4E-3B64-4408-84A1-2250540A2823} = {B672AA7E-533A-433B-A398-EAD9F59935EA}
		{69742478-9E3E-4E83-A8CF-9AAED756EF33} = {B672AA7E-533A-433B-A398-EAD9F59935EA}
		{7F836F22-999D-4777-AD68-7A42C883F4FC} = {B672AA7E-533A-433B-A398-EAD9F59935EA}
		{001AFAFA-A0FE-4575-8088-EF6A1749C749} = {B672AA7E-533A-433B-A398-EAD9F59935EA}
		{50A4FF79-A948-4B44-AFE2-8FBA9178EC3B} = {B672AA7E-533A-433B-A398-EAD9F59935EA}
		{1182DC4D-A99A-4111-91EE-551F1A07DCD2} = {B672AA7E-533A-433B-A398-EAD9F59935EA}
		{70B1E0F2-9114-4047-99B3-DE91D2978795} = {B672AA7E-533A-433B-A398-EAD9F59935EA}
		{3ED87675-87B6-47EE-A698-781872827B52} = {B672AA7E-533A-433B-A398-EAD9F59935EA}
		{283AC002-4199-4ABE-86CF-FBDA7B26DC2F} = {B672AA7E-533A-433B-A398-EAD9F59935EA}
		{AA6C45A7-4283-43A8-B5C6-62AB5BA6C9AD} = {B672AA7E-533A-433B-A398-EAD9F59935EA}
		{2D050C8D-3132-4972-933D-8497C6BBF4A5} = {B672AA7E-533A-433B-A398-EAD9F59935EA}
		{0DCADA24-D05E-4056-B240-3BE270213E31} = {B672AA7E-533A-433B-A398-EAD9F59935EA}
		{EEABB6BF-6EB2-4032-A72C-341C8815F666} = {B672AA7E-533A-433B-A398-EAD9F59935EA}
		{E6DD232D-C55B-4BB5-B79E-FA074F7781F8} = {B672AA7E-533A-433B-A398-EAD9F59935EA}
		{B4A8442D-9FCB-44F9-A8A7-3EDE8A063A7F} = {B672AA7E-533A-433B-A398-EAD9F59935EA}
		{3A142D9D-5D94-4644-A243-631F0AEFE851} = {B672AA7E-533A-433B-A398-EAD9F59935EA}
		{5A8F9FCE-91BC-4660-872B-3AEA9C86B070} = {B672AA7E-533A-433B-A398-EAD9F59935EA}
		{E75E5EE6-13D3-41E2-9AA3-B390EB05087F} = {B672AA7E-533A-433B-A398-EAD9F59935EA}
		{045A18CD-C2B1-4A0B-BDC5-12C5E5A320D4} = {B672AA7E-533A-433B-A398-EAD9F59935EA}
		{BA3A3206-8417-4C1E-8476-EAEA73334310} = {B672AA7E-533A-433B-A398-EAD9F59935EA}
		{AC1A271D-2844-4CB2-8A08-62332CCE2F3E} = {B672AA7E-533A-433B-A398-EAD9F59935EA}
		{23DD4AED-0D7A-4657-A92D-C5BC21A5C4D2} = {B672AA7E-533A-433B-A398-EAD9F59935EA}
		{AAE05868-0050-4281-A1F4-F284690CC5F9} = {B672AA7E-533A-433B-A398-EAD9F59935EA}
		{81218B2C-699D-4900-A526-3E4958D5FABF} = {B672AA7E-533A-433B-A398-EAD9F59935EA}
		{450A8CF3-6130-49A1-813B-EA950ABED48F} = {B672AA7E-533A-433B-A398-EAD9F59935EA}
		{5540D361-D59A-4612-8FC1-EB3762EB0737} = {B672AA7E-533A-433B-A398-EAD9F59935EA}
		{47A05A61-2974-43A5-8A11-FD7DFF605943} = {B672AA7E-533A-433B-A398-EAD9F59935EA}
		{42C88723-2DC6-4ECF-A790-8C1305EE24C2} = {B672AA7E-533A-433B-A398-EAD9F59935EA}
		{7C86FA76-6579-4920-ABBA-EC8680BB95B3} = {B672AA7E-533A-433B-A398-EAD9F59935EA}
		{9F2CD123-A5E6-4230-9D6D-FFD4CE729142} = {B672AA7E-533A-433B-A398-EAD9F59935EA}
		{35C8D57C-74AC-436F-8730-DB2905469962} = {B672AA7E-533A-433B-A398-EAD9F59935EA}
		{5E486B89-7876-4EC4-9B6D-2325B0D820AD} = {B672AA7E-533A-433B-A398-EAD9F59935EA}
		{8E218E85-399A-4273-B02B-FCEE7819ABD2} = {B672AA7E-533A-433B-A398-EAD9F59935EA}
		{5572C3D2-5E3A-46E7-B098-2E55C0F75B58} = {B672AA7E-533A-433B-A398-EAD9F59935EA}
		{43738631-F911-4F6F-875C-EB8A7413C3F2} = {B672AA7E-533A-433B-A398-EAD9F59935EA}
		{0951F994-8F63-447F-9A6F-73511B21D957} = {B672AA7E-533A-433B-A398-EAD9F59935EA}
		{DED50004-00CF-4116-A260-B921EC85BDC0} = {B672AA7E-533A-433B-A398-EAD9F59935EA}
		{88253A36-2035-4C23-8D24-2C67CCA187CD} = {B672AA7E-533A-433B-A398-EAD9F59935EA}
		{9B01B753-1173-4291-895F-6B5B3150805D} = {B672AA7E-533A-433B-A398-EAD9F59935EA}
		{770D955C-E90F-4E02-8D2A-FFD813732841} = {B672AA7E-533A-433B-A398-EAD9F59935EA}
		{88937564-F0B0-4C09-B063-56B63AA992F6} = {B672AA7E-533A-433B-A398-EAD9F59935EA}
		{E684A20D-F1EA-4A8A-A2AD-49C5916343B8} = {B672AA7E-533A-433B-A398-EAD9F59935EA}
		{F242D6BE-F8DC-49B0-8C49-398932B73519} = {B672AA7E-533A-433B-A398-EAD9F59935EA}
		{DA68C2DC-956B-40FF-B983-4119D152C17B} = {B672AA7E-533A-433B-A398-EAD9F59935EA}
		{B53E8851-729A-4309-BE43-9D3FA465ED3E} = {B672AA7E-533A-433B-A398-EAD9F59935EA}
		{42F3A77A-F71E-4FEC-9A07-606EF4EA4EA9} = {B672AA7E-533A-433B-A398-EAD9F59935EA}
		{EFDCB25D-A8DD-47CB-A54B-BC5DC4D7A8C5} = {B672AA7E-533A-433B-A398-EAD9F59935EA}
		{DBE485ED-0FBF-456D-B440-0C78E03FE735} = {B672AA7E-533A-433B-A398-EAD9F59935EA}
		{C4045D95-1CC4-46CA-A84D-3799201AF843} = {B672AA7E-533A-433B-A398-EAD9F59935EA}
		{EDD1E0A2-F00F-467A-B19E-CCCCF36C384B} = {B672AA7E-533A-433B-A398-EAD9F59935EA}
		{6F734EF6-9511-4892-B848-727AAE54F6CE} = {B672AA7E-533A-433B-A398-EAD9F59935EA}
		{5C48B17F-7377-4B76-8B65-7852FF6A0793} = {B672AA7E-533A-433B-A398-EAD9F59935EA}
		{87AB4142-C124-4ED7-8947-B3F884C64A0B} = {B672AA7E-533A-433B-A398-EAD9F59935EA}
		{1F5E245A-6E7D-4125-8191-703FA16918B9} = {B672AA7E-533A-433B-A398-EAD9F59935EA}
		{AA636ABC-3006-4C06-AAFC-F506BFF625FD} = {B672AA7E-533A-433B-A398-EAD9F59935EA}
		{5F393A47-8C4C-436F-830C-E2D13FC64333} = {B672AA7E-533A-433B-A398-EAD9F59935EA}
		{2011E9AF-AAF6-4DF5-9CFC-68C603A920F9} = {B672AA7E-533A-433B-A398-EAD9F59935EA}
		{259D543A-7D18-4ECB-9696-B63C8E6BE8E9} = {B672AA7E-533A-433B-A398-EAD9F59935EA}
		{29716AEC-65C2-4BCC-9421-84CE3B669E73} = {B672AA7E-533A-433B-A398-EAD9F59935EA}
		{79B2EA6B-FA79-473A-8498-B916E89292FE} = {B672AA7E-533A-433B-A398-EAD9F59935EA}
		{A1F151C3-1DA2-415F-AB9E-B02B683B5A7B} = {B672AA7E-533A-433B-A398-EAD9F59935EA}
		{4A8ADFC2-C2E8-46D7-89E8-23564F81DF21} = {B672AA7E-533A-433B-A398-EAD9F59935EA}
		{5EEB5198-EDD8-4924-8D7D-3188462B3E8C} = {B672AA7E-533A-433B-A398-EAD9F59935EA}
		{1C5103C3-6746-49DF-B592-23E4AC3276F9} = {B672AA7E-533A-433B-A398-EAD9F59935EA}
		{E57C6FC7-F253-4D5C-8B8C-858D3A0879FD} = {B672AA7E-533A-433B-A398-EAD9F59935EA}
		{76986EBF-E12B-4F82-84BC-4B137AEDD369} = {B672AA7E-533A-433B-A398-EAD9F59935EA}
		{6CFEB184-1D48-4318-8938-745C3B784AFA} = {B672AA7E-533A-433B-A398-EAD9F59935EA}
		{6A77E746-AA52-4296-93C0-86B6AB6DA2AE} = {B672AA7E-533A-433B-A398-EAD9F59935EA}
		{130C003B-027C-4C68-87F8-7858B1AD2866} = {B672AA7E-533A-433B-A398-EAD9F59935EA}
		{EEC942F9-41A7-45A1-964A-C7E8C91C06E5} = {B672AA7E-533A-433B-A398-EAD9F59935EA}
		{4A26A439-72EE-4720-9364-2898F3A7E817} = {B672AA7E-533A-433B-A398-EAD9F59935EA}
		{874F10B3-457C-4985-9FD1-95BD60CF327F} = {B672AA7E-533A-433B-A398-EAD9F59935EA}
		{073B6E3E-496D-4B49-9106-6A5E48C389AC} = {B672AA7E-533A-433B-A398-EAD9F59935EA}
		{329BD7E9-BFDE-438E-BF39-D74B171155C7} = {B672AA7E-533A-433B-A398-EAD9F59935EA}
		{92A670D7-7675-4CCA-B494-698ABC5A6889} = {B672AA7E-533A-433B-A398-EAD9F59935EA}
		{12E56D54-921B-4760-BD36-4649D7685BCE} = {B672AA7E-533A-433B-A398-EAD9F59935EA}
		{559B253C-7FD2-414D-93FA-A3A25A06E9D8} = {B672AA7E-533A-433B-A398-EAD9F59935EA}
		{BCA43D58-85FA-4E8B-8184-83AF5E0BC464} = {B672AA7E-533A-433B-A398-EAD9F59935EA}
		{8FD7D0A3-9F92-4A78-95A7-8E8D85F9BCEC} = {B672AA7E-533A-433B-A398-EAD9F59935EA}
		{D4A950F6-B65D-4336-9F26-E8CB80242AAD} = {B672AA7E-533A-433B-A398-EAD9F59935EA}
		{5168B760-C72E-419A-BF3B-AEAB8FAF3DD7} = {B672AA7E-533A-433B-A398-EAD9F59935EA}
		{2439558C-5966-4E58-84C3-86760F351F31} = {B672AA7E-533A-433B-A398-EAD9F59935EA}
		{951CB6D3-2EE9-4586-8B14-EC1088CC22FC} = {B672AA7E-533A-433B-A398-EAD9F59935EA}
		{2C6B1770-E336-4B57-9647-2355BA7E0AEA} = {B672AA7E-533A-433B-A398-EAD9F59935EA}
		{E1FB9CCA-6DFC-40EC-8E1F-4061893586A2} = {B672AA7E-533A-433B-A398-EAD9F59935EA}
		{96394EF2-B2C8-402A-A472-344865E652D9} = {B672AA7E-533A-433B-A398-EAD9F59935EA}
		{72DFE72D-63E3-47F1-8411-8FFDE5CB090C} = {B672AA7E-533A-433B-A398-EAD9F59935EA}
		{138F6646-BC5E-4CF2-BC8A-454CCA9D0D4C} = {B672AA7E-533A-433B-A398-EAD9F59935EA}
		{53708ED3-E59E-4D1F-ACAD-B8215D18C26E} = {B672AA7E-533A-433B-A398-EAD9F59935EA}
		{EB43F2A9-8C3C-4E2C-8F42-03F47729F16E} = {B672AA7E-533A-433B-A398-EAD9F59935EA}
		{33135F1A-0B5C-4669-A446-D266AD39D863} = {B672AA7E-533A-433B-A398-EAD9F59935EA}
		{B4CDA77F-1C1E-4B5C-A339-4407515E9EC1} = {B672AA7E-533A-433B-A398-EAD9F59935EA}
		{607E8139-10B3-4B78-BE03-7B2DEDC80472} = {B672AA7E-533A-433B-A398-EAD9F59935EA}
		{617FE1FE-2DB0-468F-8AA1-B6C4674F7626} = {B672AA7E-533A-433B-A398-EAD9F59935EA}
		{D299A545-668D-4A65-B8F4-34F539960311} = {B672AA7E-533A-433B-A398-EAD9F59935EA}
		{97A12A3E-D0FE-466E-A6FE-9B68F8E1B189} = {B672AA7E-533A-433B-A398-EAD9F59935EA}
		{7157B795-19BC-4A10-9576-D26FDF0F86D8} = {B672AA7E-533A-433B-A398-EAD9F59935EA}
		{E6E439DA-CD76-45A7-B31A-08B029070330} = {B672AA7E-533A-433B-A398-EAD9F59935EA}
		{D1F1F169-C707-416F-B1B7-D0E873B30BBF} = {B672AA7E-533A-433B-A398-EAD9F59935EA}
		{C65FD3AE-9DA3-4833-8B25-CA3CDBEA8F9C} = {B672AA7E-533A-433B-A398-EAD9F59935EA}
		{565F69FE-26EF-408D-99B6-3446D801AED4} = {B672AA7E-533A-433B-A398-EAD9F59935EA}
		{215F6333-123A-4A54-A1BB-AC87B7F35BA3} = {B672AA7E-533A-433B-A398-EAD9F59935EA}
		{FD0152D5-3A56-4513-B871-4D1C808803E4} = {B672AA7E-533A-433B-A398-EAD9F59935EA}
		{1A2F3AFB-8C56-4C83-B609-02CA19ED1EA5} = {B672AA7E-533A-433B-A398-EAD9F59935EA}
		{18EC49F4-1D7F-4811-9A71-1EF9882D8DF6} = {B672AA7E-533A-433B-A398-EAD9F59935EA}
		{1D88A2DB-9C31-4C22-A542-43803D556BCA} = {B672AA7E-533A-433B-A398-EAD9F59935EA}
		{12F09326-B69A-49BA-89B8-120363528962} = {B672AA7E-533A-433B-A398-EAD9F59935EA}
		{9AD45779-9BE3-44E2-8F9C-D1FB865FCD0E} = {B672AA7E-533A-433B-A398-EAD9F59935EA}
		{D03A8B1B-5913-406F-B0EE-195B8D30CA54} = {B672AA7E-533A-433B-A398-EAD9F59935EA}
		{2E4F5A50-845E-4021-9EC6-33A243D5AFCA} = {B672AA7E-533A-433B-A398-EAD9F59935EA}
	EndGlobalSection
	GlobalSection(SolutionConfigurationPlatforms) = preSolution
		Debug|Any CPU = Debug|Any CPU
		Release|Any CPU = Release|Any CPU
	EndGlobalSection
	GlobalSection(ProjectConfigurationPlatforms) = postSolution
		{EFB4B1DF-2928-4F08-B0B6-89513846683A}.Debug|Any CPU.ActiveCfg = Debug|Any CPU
		{EFB4B1DF-2928-4F08-B0B6-89513846683A}.Debug|Any CPU.Build.0 = Debug|Any CPU
		{EFB4B1DF-2928-4F08-B0B6-89513846683A}.Release|Any CPU.ActiveCfg = Release|Any CPU
		{EFB4B1DF-2928-4F08-B0B6-89513846683A}.Release|Any CPU.Build.0 = Release|Any CPU
		{A7055DBD-95B6-409E-9E94-C137C5E14D0C}.Debug|Any CPU.ActiveCfg = Debug|Any CPU
		{A7055DBD-95B6-409E-9E94-C137C5E14D0C}.Debug|Any CPU.Build.0 = Debug|Any CPU
		{A7055DBD-95B6-409E-9E94-C137C5E14D0C}.Release|Any CPU.ActiveCfg = Release|Any CPU
		{A7055DBD-95B6-409E-9E94-C137C5E14D0C}.Release|Any CPU.Build.0 = Release|Any CPU
		{FFEC3BC7-5C56-4F85-8A54-757372D605DA}.Debug|Any CPU.ActiveCfg = Debug|Any CPU
		{FFEC3BC7-5C56-4F85-8A54-757372D605DA}.Debug|Any CPU.Build.0 = Debug|Any CPU
		{FFEC3BC7-5C56-4F85-8A54-757372D605DA}.Release|Any CPU.ActiveCfg = Release|Any CPU
		{FFEC3BC7-5C56-4F85-8A54-757372D605DA}.Release|Any CPU.Build.0 = Release|Any CPU
		{F61D6DF8-3A66-4CF6-B755-089D9B004AB8}.Debug|Any CPU.ActiveCfg = Debug|Any CPU
		{F61D6DF8-3A66-4CF6-B755-089D9B004AB8}.Debug|Any CPU.Build.0 = Debug|Any CPU
		{F61D6DF8-3A66-4CF6-B755-089D9B004AB8}.Release|Any CPU.ActiveCfg = Release|Any CPU
		{F61D6DF8-3A66-4CF6-B755-089D9B004AB8}.Release|Any CPU.Build.0 = Release|Any CPU
		{406D1DF6-0700-4C57-A0EB-EC43AA4CCBBA}.Debug|Any CPU.ActiveCfg = Debug|Any CPU
		{406D1DF6-0700-4C57-A0EB-EC43AA4CCBBA}.Debug|Any CPU.Build.0 = Debug|Any CPU
		{406D1DF6-0700-4C57-A0EB-EC43AA4CCBBA}.Release|Any CPU.ActiveCfg = Release|Any CPU
		{406D1DF6-0700-4C57-A0EB-EC43AA4CCBBA}.Release|Any CPU.Build.0 = Release|Any CPU
		{23E31DC1-7352-46EE-A7D8-D38B0BD472F8}.Debug|Any CPU.ActiveCfg = Debug|Any CPU
		{23E31DC1-7352-46EE-A7D8-D38B0BD472F8}.Debug|Any CPU.Build.0 = Debug|Any CPU
		{23E31DC1-7352-46EE-A7D8-D38B0BD472F8}.Release|Any CPU.ActiveCfg = Release|Any CPU
		{23E31DC1-7352-46EE-A7D8-D38B0BD472F8}.Release|Any CPU.Build.0 = Release|Any CPU
		{14C5DB85-A56F-4B75-B8CD-824B71CB1519}.Debug|Any CPU.ActiveCfg = Debug|Any CPU
		{14C5DB85-A56F-4B75-B8CD-824B71CB1519}.Debug|Any CPU.Build.0 = Debug|Any CPU
		{14C5DB85-A56F-4B75-B8CD-824B71CB1519}.Release|Any CPU.ActiveCfg = Release|Any CPU
		{14C5DB85-A56F-4B75-B8CD-824B71CB1519}.Release|Any CPU.Build.0 = Release|Any CPU
		{8320BB09-A6BC-441D-8B7B-2152B834E4F4}.Debug|Any CPU.ActiveCfg = Debug|Any CPU
		{8320BB09-A6BC-441D-8B7B-2152B834E4F4}.Debug|Any CPU.Build.0 = Debug|Any CPU
		{8320BB09-A6BC-441D-8B7B-2152B834E4F4}.Release|Any CPU.ActiveCfg = Release|Any CPU
		{8320BB09-A6BC-441D-8B7B-2152B834E4F4}.Release|Any CPU.Build.0 = Release|Any CPU
		{72DE5931-EBF3-42A4-9F3A-DF6ED2954574}.Debug|Any CPU.ActiveCfg = Debug|Any CPU
		{72DE5931-EBF3-42A4-9F3A-DF6ED2954574}.Debug|Any CPU.Build.0 = Debug|Any CPU
		{72DE5931-EBF3-42A4-9F3A-DF6ED2954574}.Release|Any CPU.ActiveCfg = Release|Any CPU
		{72DE5931-EBF3-42A4-9F3A-DF6ED2954574}.Release|Any CPU.Build.0 = Release|Any CPU
		{A486D80C-16DD-4E0E-B18B-5D66E526B1E8}.Debug|Any CPU.ActiveCfg = Debug|Any CPU
		{A486D80C-16DD-4E0E-B18B-5D66E526B1E8}.Debug|Any CPU.Build.0 = Debug|Any CPU
		{A486D80C-16DD-4E0E-B18B-5D66E526B1E8}.Release|Any CPU.ActiveCfg = Release|Any CPU
		{A486D80C-16DD-4E0E-B18B-5D66E526B1E8}.Release|Any CPU.Build.0 = Release|Any CPU
		{1884824E-925A-42C2-A9B1-BFAD10B4CFF9}.Debug|Any CPU.ActiveCfg = Debug|Any CPU
		{1884824E-925A-42C2-A9B1-BFAD10B4CFF9}.Debug|Any CPU.Build.0 = Debug|Any CPU
		{1884824E-925A-42C2-A9B1-BFAD10B4CFF9}.Release|Any CPU.ActiveCfg = Release|Any CPU
		{1884824E-925A-42C2-A9B1-BFAD10B4CFF9}.Release|Any CPU.Build.0 = Release|Any CPU
		{159B7CF3-5609-4AA8-A4DE-496B893CDAC7}.Debug|Any CPU.ActiveCfg = Debug|Any CPU
		{159B7CF3-5609-4AA8-A4DE-496B893CDAC7}.Debug|Any CPU.Build.0 = Debug|Any CPU
		{159B7CF3-5609-4AA8-A4DE-496B893CDAC7}.Release|Any CPU.ActiveCfg = Release|Any CPU
		{159B7CF3-5609-4AA8-A4DE-496B893CDAC7}.Release|Any CPU.Build.0 = Release|Any CPU
		{B7D3EF4E-3B64-4408-84A1-2250540A2823}.Debug|Any CPU.ActiveCfg = Debug|Any CPU
		{B7D3EF4E-3B64-4408-84A1-2250540A2823}.Debug|Any CPU.Build.0 = Debug|Any CPU
		{B7D3EF4E-3B64-4408-84A1-2250540A2823}.Release|Any CPU.ActiveCfg = Release|Any CPU
		{B7D3EF4E-3B64-4408-84A1-2250540A2823}.Release|Any CPU.Build.0 = Release|Any CPU
		{69742478-9E3E-4E83-A8CF-9AAED756EF33}.Debug|Any CPU.ActiveCfg = Debug|Any CPU
		{69742478-9E3E-4E83-A8CF-9AAED756EF33}.Debug|Any CPU.Build.0 = Debug|Any CPU
		{69742478-9E3E-4E83-A8CF-9AAED756EF33}.Release|Any CPU.ActiveCfg = Release|Any CPU
		{69742478-9E3E-4E83-A8CF-9AAED756EF33}.Release|Any CPU.Build.0 = Release|Any CPU
		{7F836F22-999D-4777-AD68-7A42C883F4FC}.Debug|Any CPU.ActiveCfg = Debug|Any CPU
		{7F836F22-999D-4777-AD68-7A42C883F4FC}.Debug|Any CPU.Build.0 = Debug|Any CPU
		{7F836F22-999D-4777-AD68-7A42C883F4FC}.Release|Any CPU.ActiveCfg = Release|Any CPU
		{7F836F22-999D-4777-AD68-7A42C883F4FC}.Release|Any CPU.Build.0 = Release|Any CPU
		{001AFAFA-A0FE-4575-8088-EF6A1749C749}.Debug|Any CPU.ActiveCfg = Debug|Any CPU
		{001AFAFA-A0FE-4575-8088-EF6A1749C749}.Debug|Any CPU.Build.0 = Debug|Any CPU
		{001AFAFA-A0FE-4575-8088-EF6A1749C749}.Release|Any CPU.ActiveCfg = Release|Any CPU
		{001AFAFA-A0FE-4575-8088-EF6A1749C749}.Release|Any CPU.Build.0 = Release|Any CPU
		{50A4FF79-A948-4B44-AFE2-8FBA9178EC3B}.Debug|Any CPU.ActiveCfg = Debug|Any CPU
		{50A4FF79-A948-4B44-AFE2-8FBA9178EC3B}.Debug|Any CPU.Build.0 = Debug|Any CPU
		{50A4FF79-A948-4B44-AFE2-8FBA9178EC3B}.Release|Any CPU.ActiveCfg = Release|Any CPU
		{50A4FF79-A948-4B44-AFE2-8FBA9178EC3B}.Release|Any CPU.Build.0 = Release|Any CPU
		{1182DC4D-A99A-4111-91EE-551F1A07DCD2}.Debug|Any CPU.ActiveCfg = Debug|Any CPU
		{1182DC4D-A99A-4111-91EE-551F1A07DCD2}.Debug|Any CPU.Build.0 = Debug|Any CPU
		{1182DC4D-A99A-4111-91EE-551F1A07DCD2}.Release|Any CPU.ActiveCfg = Release|Any CPU
		{1182DC4D-A99A-4111-91EE-551F1A07DCD2}.Release|Any CPU.Build.0 = Release|Any CPU
		{70B1E0F2-9114-4047-99B3-DE91D2978795}.Debug|Any CPU.ActiveCfg = Debug|Any CPU
		{70B1E0F2-9114-4047-99B3-DE91D2978795}.Debug|Any CPU.Build.0 = Debug|Any CPU
		{70B1E0F2-9114-4047-99B3-DE91D2978795}.Release|Any CPU.ActiveCfg = Release|Any CPU
		{70B1E0F2-9114-4047-99B3-DE91D2978795}.Release|Any CPU.Build.0 = Release|Any CPU
		{3ED87675-87B6-47EE-A698-781872827B52}.Debug|Any CPU.ActiveCfg = Debug|Any CPU
		{3ED87675-87B6-47EE-A698-781872827B52}.Debug|Any CPU.Build.0 = Debug|Any CPU
		{3ED87675-87B6-47EE-A698-781872827B52}.Release|Any CPU.ActiveCfg = Release|Any CPU
		{3ED87675-87B6-47EE-A698-781872827B52}.Release|Any CPU.Build.0 = Release|Any CPU
		{283AC002-4199-4ABE-86CF-FBDA7B26DC2F}.Debug|Any CPU.ActiveCfg = Debug|Any CPU
		{283AC002-4199-4ABE-86CF-FBDA7B26DC2F}.Debug|Any CPU.Build.0 = Debug|Any CPU
		{283AC002-4199-4ABE-86CF-FBDA7B26DC2F}.Release|Any CPU.ActiveCfg = Release|Any CPU
		{283AC002-4199-4ABE-86CF-FBDA7B26DC2F}.Release|Any CPU.Build.0 = Release|Any CPU
		{AA6C45A7-4283-43A8-B5C6-62AB5BA6C9AD}.Debug|Any CPU.ActiveCfg = Debug|Any CPU
		{AA6C45A7-4283-43A8-B5C6-62AB5BA6C9AD}.Debug|Any CPU.Build.0 = Debug|Any CPU
		{AA6C45A7-4283-43A8-B5C6-62AB5BA6C9AD}.Release|Any CPU.ActiveCfg = Release|Any CPU
		{AA6C45A7-4283-43A8-B5C6-62AB5BA6C9AD}.Release|Any CPU.Build.0 = Release|Any CPU
		{2D050C8D-3132-4972-933D-8497C6BBF4A5}.Debug|Any CPU.ActiveCfg = Debug|Any CPU
		{2D050C8D-3132-4972-933D-8497C6BBF4A5}.Debug|Any CPU.Build.0 = Debug|Any CPU
		{2D050C8D-3132-4972-933D-8497C6BBF4A5}.Release|Any CPU.ActiveCfg = Release|Any CPU
		{2D050C8D-3132-4972-933D-8497C6BBF4A5}.Release|Any CPU.Build.0 = Release|Any CPU
		{0DCADA24-D05E-4056-B240-3BE270213E31}.Debug|Any CPU.ActiveCfg = Debug|Any CPU
		{0DCADA24-D05E-4056-B240-3BE270213E31}.Debug|Any CPU.Build.0 = Debug|Any CPU
		{0DCADA24-D05E-4056-B240-3BE270213E31}.Release|Any CPU.ActiveCfg = Release|Any CPU
		{0DCADA24-D05E-4056-B240-3BE270213E31}.Release|Any CPU.Build.0 = Release|Any CPU
		{EEABB6BF-6EB2-4032-A72C-341C8815F666}.Debug|Any CPU.ActiveCfg = Debug|Any CPU
		{EEABB6BF-6EB2-4032-A72C-341C8815F666}.Debug|Any CPU.Build.0 = Debug|Any CPU
		{EEABB6BF-6EB2-4032-A72C-341C8815F666}.Release|Any CPU.ActiveCfg = Release|Any CPU
		{EEABB6BF-6EB2-4032-A72C-341C8815F666}.Release|Any CPU.Build.0 = Release|Any CPU
		{E6DD232D-C55B-4BB5-B79E-FA074F7781F8}.Debug|Any CPU.ActiveCfg = Debug|Any CPU
		{E6DD232D-C55B-4BB5-B79E-FA074F7781F8}.Debug|Any CPU.Build.0 = Debug|Any CPU
		{E6DD232D-C55B-4BB5-B79E-FA074F7781F8}.Release|Any CPU.ActiveCfg = Release|Any CPU
		{E6DD232D-C55B-4BB5-B79E-FA074F7781F8}.Release|Any CPU.Build.0 = Release|Any CPU
		{B4A8442D-9FCB-44F9-A8A7-3EDE8A063A7F}.Debug|Any CPU.ActiveCfg = Debug|Any CPU
		{B4A8442D-9FCB-44F9-A8A7-3EDE8A063A7F}.Debug|Any CPU.Build.0 = Debug|Any CPU
		{B4A8442D-9FCB-44F9-A8A7-3EDE8A063A7F}.Release|Any CPU.ActiveCfg = Release|Any CPU
		{B4A8442D-9FCB-44F9-A8A7-3EDE8A063A7F}.Release|Any CPU.Build.0 = Release|Any CPU
		{3A142D9D-5D94-4644-A243-631F0AEFE851}.Debug|Any CPU.ActiveCfg = Debug|Any CPU
		{3A142D9D-5D94-4644-A243-631F0AEFE851}.Debug|Any CPU.Build.0 = Debug|Any CPU
		{3A142D9D-5D94-4644-A243-631F0AEFE851}.Release|Any CPU.ActiveCfg = Release|Any CPU
		{3A142D9D-5D94-4644-A243-631F0AEFE851}.Release|Any CPU.Build.0 = Release|Any CPU
		{5A8F9FCE-91BC-4660-872B-3AEA9C86B070}.Debug|Any CPU.ActiveCfg = Debug|Any CPU
		{5A8F9FCE-91BC-4660-872B-3AEA9C86B070}.Debug|Any CPU.Build.0 = Debug|Any CPU
		{5A8F9FCE-91BC-4660-872B-3AEA9C86B070}.Release|Any CPU.ActiveCfg = Release|Any CPU
		{5A8F9FCE-91BC-4660-872B-3AEA9C86B070}.Release|Any CPU.Build.0 = Release|Any CPU
		{E75E5EE6-13D3-41E2-9AA3-B390EB05087F}.Debug|Any CPU.ActiveCfg = Debug|Any CPU
		{E75E5EE6-13D3-41E2-9AA3-B390EB05087F}.Debug|Any CPU.Build.0 = Debug|Any CPU
		{E75E5EE6-13D3-41E2-9AA3-B390EB05087F}.Release|Any CPU.ActiveCfg = Release|Any CPU
		{E75E5EE6-13D3-41E2-9AA3-B390EB05087F}.Release|Any CPU.Build.0 = Release|Any CPU
		{045A18CD-C2B1-4A0B-BDC5-12C5E5A320D4}.Debug|Any CPU.ActiveCfg = Debug|Any CPU
		{045A18CD-C2B1-4A0B-BDC5-12C5E5A320D4}.Debug|Any CPU.Build.0 = Debug|Any CPU
		{045A18CD-C2B1-4A0B-BDC5-12C5E5A320D4}.Release|Any CPU.ActiveCfg = Release|Any CPU
		{045A18CD-C2B1-4A0B-BDC5-12C5E5A320D4}.Release|Any CPU.Build.0 = Release|Any CPU
		{BA3A3206-8417-4C1E-8476-EAEA73334310}.Debug|Any CPU.ActiveCfg = Debug|Any CPU
		{BA3A3206-8417-4C1E-8476-EAEA73334310}.Debug|Any CPU.Build.0 = Debug|Any CPU
		{BA3A3206-8417-4C1E-8476-EAEA73334310}.Release|Any CPU.ActiveCfg = Release|Any CPU
		{BA3A3206-8417-4C1E-8476-EAEA73334310}.Release|Any CPU.Build.0 = Release|Any CPU
		{AC1A271D-2844-4CB2-8A08-62332CCE2F3E}.Debug|Any CPU.ActiveCfg = Debug|Any CPU
		{AC1A271D-2844-4CB2-8A08-62332CCE2F3E}.Debug|Any CPU.Build.0 = Debug|Any CPU
		{AC1A271D-2844-4CB2-8A08-62332CCE2F3E}.Release|Any CPU.ActiveCfg = Release|Any CPU
		{AC1A271D-2844-4CB2-8A08-62332CCE2F3E}.Release|Any CPU.Build.0 = Release|Any CPU
		{23DD4AED-0D7A-4657-A92D-C5BC21A5C4D2}.Debug|Any CPU.ActiveCfg = Debug|Any CPU
		{23DD4AED-0D7A-4657-A92D-C5BC21A5C4D2}.Debug|Any CPU.Build.0 = Debug|Any CPU
		{23DD4AED-0D7A-4657-A92D-C5BC21A5C4D2}.Release|Any CPU.ActiveCfg = Release|Any CPU
		{23DD4AED-0D7A-4657-A92D-C5BC21A5C4D2}.Release|Any CPU.Build.0 = Release|Any CPU
		{AAE05868-0050-4281-A1F4-F284690CC5F9}.Debug|Any CPU.ActiveCfg = Debug|Any CPU
		{AAE05868-0050-4281-A1F4-F284690CC5F9}.Debug|Any CPU.Build.0 = Debug|Any CPU
		{AAE05868-0050-4281-A1F4-F284690CC5F9}.Release|Any CPU.ActiveCfg = Release|Any CPU
		{AAE05868-0050-4281-A1F4-F284690CC5F9}.Release|Any CPU.Build.0 = Release|Any CPU
		{81218B2C-699D-4900-A526-3E4958D5FABF}.Debug|Any CPU.ActiveCfg = Debug|Any CPU
		{81218B2C-699D-4900-A526-3E4958D5FABF}.Debug|Any CPU.Build.0 = Debug|Any CPU
		{81218B2C-699D-4900-A526-3E4958D5FABF}.Release|Any CPU.ActiveCfg = Release|Any CPU
		{81218B2C-699D-4900-A526-3E4958D5FABF}.Release|Any CPU.Build.0 = Release|Any CPU
		{450A8CF3-6130-49A1-813B-EA950ABED48F}.Debug|Any CPU.ActiveCfg = Debug|Any CPU
		{450A8CF3-6130-49A1-813B-EA950ABED48F}.Debug|Any CPU.Build.0 = Debug|Any CPU
		{450A8CF3-6130-49A1-813B-EA950ABED48F}.Release|Any CPU.ActiveCfg = Release|Any CPU
		{450A8CF3-6130-49A1-813B-EA950ABED48F}.Release|Any CPU.Build.0 = Release|Any CPU
		{5540D361-D59A-4612-8FC1-EB3762EB0737}.Debug|Any CPU.ActiveCfg = Debug|Any CPU
		{5540D361-D59A-4612-8FC1-EB3762EB0737}.Debug|Any CPU.Build.0 = Debug|Any CPU
		{5540D361-D59A-4612-8FC1-EB3762EB0737}.Release|Any CPU.ActiveCfg = Release|Any CPU
		{5540D361-D59A-4612-8FC1-EB3762EB0737}.Release|Any CPU.Build.0 = Release|Any CPU
		{47A05A61-2974-43A5-8A11-FD7DFF605943}.Debug|Any CPU.ActiveCfg = Debug|Any CPU
		{47A05A61-2974-43A5-8A11-FD7DFF605943}.Debug|Any CPU.Build.0 = Debug|Any CPU
		{47A05A61-2974-43A5-8A11-FD7DFF605943}.Release|Any CPU.ActiveCfg = Release|Any CPU
		{47A05A61-2974-43A5-8A11-FD7DFF605943}.Release|Any CPU.Build.0 = Release|Any CPU
		{42C88723-2DC6-4ECF-A790-8C1305EE24C2}.Debug|Any CPU.ActiveCfg = Debug|Any CPU
		{42C88723-2DC6-4ECF-A790-8C1305EE24C2}.Debug|Any CPU.Build.0 = Debug|Any CPU
		{42C88723-2DC6-4ECF-A790-8C1305EE24C2}.Release|Any CPU.ActiveCfg = Release|Any CPU
		{42C88723-2DC6-4ECF-A790-8C1305EE24C2}.Release|Any CPU.Build.0 = Release|Any CPU
		{7C86FA76-6579-4920-ABBA-EC8680BB95B3}.Debug|Any CPU.ActiveCfg = Debug|Any CPU
		{7C86FA76-6579-4920-ABBA-EC8680BB95B3}.Debug|Any CPU.Build.0 = Debug|Any CPU
		{7C86FA76-6579-4920-ABBA-EC8680BB95B3}.Release|Any CPU.ActiveCfg = Release|Any CPU
		{7C86FA76-6579-4920-ABBA-EC8680BB95B3}.Release|Any CPU.Build.0 = Release|Any CPU
		{9F2CD123-A5E6-4230-9D6D-FFD4CE729142}.Debug|Any CPU.ActiveCfg = Debug|Any CPU
		{9F2CD123-A5E6-4230-9D6D-FFD4CE729142}.Debug|Any CPU.Build.0 = Debug|Any CPU
		{9F2CD123-A5E6-4230-9D6D-FFD4CE729142}.Release|Any CPU.ActiveCfg = Release|Any CPU
		{9F2CD123-A5E6-4230-9D6D-FFD4CE729142}.Release|Any CPU.Build.0 = Release|Any CPU
		{35C8D57C-74AC-436F-8730-DB2905469962}.Debug|Any CPU.ActiveCfg = Debug|Any CPU
		{35C8D57C-74AC-436F-8730-DB2905469962}.Debug|Any CPU.Build.0 = Debug|Any CPU
		{35C8D57C-74AC-436F-8730-DB2905469962}.Release|Any CPU.ActiveCfg = Release|Any CPU
		{35C8D57C-74AC-436F-8730-DB2905469962}.Release|Any CPU.Build.0 = Release|Any CPU
		{5E486B89-7876-4EC4-9B6D-2325B0D820AD}.Debug|Any CPU.ActiveCfg = Debug|Any CPU
		{5E486B89-7876-4EC4-9B6D-2325B0D820AD}.Debug|Any CPU.Build.0 = Debug|Any CPU
		{5E486B89-7876-4EC4-9B6D-2325B0D820AD}.Release|Any CPU.ActiveCfg = Release|Any CPU
		{5E486B89-7876-4EC4-9B6D-2325B0D820AD}.Release|Any CPU.Build.0 = Release|Any CPU
		{8E218E85-399A-4273-B02B-FCEE7819ABD2}.Debug|Any CPU.ActiveCfg = Debug|Any CPU
		{8E218E85-399A-4273-B02B-FCEE7819ABD2}.Debug|Any CPU.Build.0 = Debug|Any CPU
		{8E218E85-399A-4273-B02B-FCEE7819ABD2}.Release|Any CPU.ActiveCfg = Release|Any CPU
		{8E218E85-399A-4273-B02B-FCEE7819ABD2}.Release|Any CPU.Build.0 = Release|Any CPU
		{5572C3D2-5E3A-46E7-B098-2E55C0F75B58}.Debug|Any CPU.ActiveCfg = Debug|Any CPU
		{5572C3D2-5E3A-46E7-B098-2E55C0F75B58}.Debug|Any CPU.Build.0 = Debug|Any CPU
		{5572C3D2-5E3A-46E7-B098-2E55C0F75B58}.Release|Any CPU.ActiveCfg = Release|Any CPU
		{5572C3D2-5E3A-46E7-B098-2E55C0F75B58}.Release|Any CPU.Build.0 = Release|Any CPU
		{43738631-F911-4F6F-875C-EB8A7413C3F2}.Debug|Any CPU.ActiveCfg = Debug|Any CPU
		{43738631-F911-4F6F-875C-EB8A7413C3F2}.Debug|Any CPU.Build.0 = Debug|Any CPU
		{43738631-F911-4F6F-875C-EB8A7413C3F2}.Release|Any CPU.ActiveCfg = Release|Any CPU
		{43738631-F911-4F6F-875C-EB8A7413C3F2}.Release|Any CPU.Build.0 = Release|Any CPU
		{0951F994-8F63-447F-9A6F-73511B21D957}.Debug|Any CPU.ActiveCfg = Debug|Any CPU
		{0951F994-8F63-447F-9A6F-73511B21D957}.Debug|Any CPU.Build.0 = Debug|Any CPU
		{0951F994-8F63-447F-9A6F-73511B21D957}.Release|Any CPU.ActiveCfg = Release|Any CPU
		{0951F994-8F63-447F-9A6F-73511B21D957}.Release|Any CPU.Build.0 = Release|Any CPU
		{DED50004-00CF-4116-A260-B921EC85BDC0}.Debug|Any CPU.ActiveCfg = Debug|Any CPU
		{DED50004-00CF-4116-A260-B921EC85BDC0}.Debug|Any CPU.Build.0 = Debug|Any CPU
		{DED50004-00CF-4116-A260-B921EC85BDC0}.Release|Any CPU.ActiveCfg = Release|Any CPU
		{DED50004-00CF-4116-A260-B921EC85BDC0}.Release|Any CPU.Build.0 = Release|Any CPU
		{88253A36-2035-4C23-8D24-2C67CCA187CD}.Debug|Any CPU.ActiveCfg = Debug|Any CPU
		{88253A36-2035-4C23-8D24-2C67CCA187CD}.Debug|Any CPU.Build.0 = Debug|Any CPU
		{88253A36-2035-4C23-8D24-2C67CCA187CD}.Release|Any CPU.ActiveCfg = Release|Any CPU
		{88253A36-2035-4C23-8D24-2C67CCA187CD}.Release|Any CPU.Build.0 = Release|Any CPU
		{9B01B753-1173-4291-895F-6B5B3150805D}.Debug|Any CPU.ActiveCfg = Debug|Any CPU
		{9B01B753-1173-4291-895F-6B5B3150805D}.Debug|Any CPU.Build.0 = Debug|Any CPU
		{9B01B753-1173-4291-895F-6B5B3150805D}.Release|Any CPU.ActiveCfg = Release|Any CPU
		{9B01B753-1173-4291-895F-6B5B3150805D}.Release|Any CPU.Build.0 = Release|Any CPU
		{770D955C-E90F-4E02-8D2A-FFD813732841}.Debug|Any CPU.ActiveCfg = Debug|Any CPU
		{770D955C-E90F-4E02-8D2A-FFD813732841}.Debug|Any CPU.Build.0 = Debug|Any CPU
		{770D955C-E90F-4E02-8D2A-FFD813732841}.Release|Any CPU.ActiveCfg = Release|Any CPU
		{770D955C-E90F-4E02-8D2A-FFD813732841}.Release|Any CPU.Build.0 = Release|Any CPU
		{88937564-F0B0-4C09-B063-56B63AA992F6}.Debug|Any CPU.ActiveCfg = Debug|Any CPU
		{88937564-F0B0-4C09-B063-56B63AA992F6}.Debug|Any CPU.Build.0 = Debug|Any CPU
		{88937564-F0B0-4C09-B063-56B63AA992F6}.Release|Any CPU.ActiveCfg = Release|Any CPU
		{88937564-F0B0-4C09-B063-56B63AA992F6}.Release|Any CPU.Build.0 = Release|Any CPU
		{E684A20D-F1EA-4A8A-A2AD-49C5916343B8}.Debug|Any CPU.ActiveCfg = Debug|Any CPU
		{E684A20D-F1EA-4A8A-A2AD-49C5916343B8}.Debug|Any CPU.Build.0 = Debug|Any CPU
		{E684A20D-F1EA-4A8A-A2AD-49C5916343B8}.Release|Any CPU.ActiveCfg = Release|Any CPU
		{E684A20D-F1EA-4A8A-A2AD-49C5916343B8}.Release|Any CPU.Build.0 = Release|Any CPU
		{F242D6BE-F8DC-49B0-8C49-398932B73519}.Debug|Any CPU.ActiveCfg = Debug|Any CPU
		{F242D6BE-F8DC-49B0-8C49-398932B73519}.Debug|Any CPU.Build.0 = Debug|Any CPU
		{F242D6BE-F8DC-49B0-8C49-398932B73519}.Release|Any CPU.ActiveCfg = Release|Any CPU
		{F242D6BE-F8DC-49B0-8C49-398932B73519}.Release|Any CPU.Build.0 = Release|Any CPU
		{DA68C2DC-956B-40FF-B983-4119D152C17B}.Debug|Any CPU.ActiveCfg = Debug|Any CPU
		{DA68C2DC-956B-40FF-B983-4119D152C17B}.Debug|Any CPU.Build.0 = Debug|Any CPU
		{DA68C2DC-956B-40FF-B983-4119D152C17B}.Release|Any CPU.ActiveCfg = Release|Any CPU
		{DA68C2DC-956B-40FF-B983-4119D152C17B}.Release|Any CPU.Build.0 = Release|Any CPU
		{B53E8851-729A-4309-BE43-9D3FA465ED3E}.Debug|Any CPU.ActiveCfg = Debug|Any CPU
		{B53E8851-729A-4309-BE43-9D3FA465ED3E}.Debug|Any CPU.Build.0 = Debug|Any CPU
		{B53E8851-729A-4309-BE43-9D3FA465ED3E}.Release|Any CPU.ActiveCfg = Release|Any CPU
		{B53E8851-729A-4309-BE43-9D3FA465ED3E}.Release|Any CPU.Build.0 = Release|Any CPU
		{42F3A77A-F71E-4FEC-9A07-606EF4EA4EA9}.Debug|Any CPU.ActiveCfg = Debug|Any CPU
		{42F3A77A-F71E-4FEC-9A07-606EF4EA4EA9}.Debug|Any CPU.Build.0 = Debug|Any CPU
		{42F3A77A-F71E-4FEC-9A07-606EF4EA4EA9}.Release|Any CPU.ActiveCfg = Release|Any CPU
		{42F3A77A-F71E-4FEC-9A07-606EF4EA4EA9}.Release|Any CPU.Build.0 = Release|Any CPU
		{EFDCB25D-A8DD-47CB-A54B-BC5DC4D7A8C5}.Debug|Any CPU.ActiveCfg = Debug|Any CPU
		{EFDCB25D-A8DD-47CB-A54B-BC5DC4D7A8C5}.Debug|Any CPU.Build.0 = Debug|Any CPU
		{EFDCB25D-A8DD-47CB-A54B-BC5DC4D7A8C5}.Release|Any CPU.ActiveCfg = Release|Any CPU
		{EFDCB25D-A8DD-47CB-A54B-BC5DC4D7A8C5}.Release|Any CPU.Build.0 = Release|Any CPU
		{8C457CA4-112A-460C-9F97-D4F9E69D5106}.Debug|Any CPU.ActiveCfg = Debug|Any CPU
		{8C457CA4-112A-460C-9F97-D4F9E69D5106}.Debug|Any CPU.Build.0 = Debug|Any CPU
		{8C457CA4-112A-460C-9F97-D4F9E69D5106}.Release|Any CPU.ActiveCfg = Release|Any CPU
		{8C457CA4-112A-460C-9F97-D4F9E69D5106}.Release|Any CPU.Build.0 = Release|Any CPU
		{DBE485ED-0FBF-456D-B440-0C78E03FE735}.Debug|Any CPU.ActiveCfg = Debug|Any CPU
		{DBE485ED-0FBF-456D-B440-0C78E03FE735}.Debug|Any CPU.Build.0 = Debug|Any CPU
		{DBE485ED-0FBF-456D-B440-0C78E03FE735}.Release|Any CPU.ActiveCfg = Release|Any CPU
		{DBE485ED-0FBF-456D-B440-0C78E03FE735}.Release|Any CPU.Build.0 = Release|Any CPU
		{C4045D95-1CC4-46CA-A84D-3799201AF843}.Debug|Any CPU.ActiveCfg = Debug|Any CPU
		{C4045D95-1CC4-46CA-A84D-3799201AF843}.Debug|Any CPU.Build.0 = Debug|Any CPU
		{C4045D95-1CC4-46CA-A84D-3799201AF843}.Release|Any CPU.ActiveCfg = Release|Any CPU
		{C4045D95-1CC4-46CA-A84D-3799201AF843}.Release|Any CPU.Build.0 = Release|Any CPU
		{EDD1E0A2-F00F-467A-B19E-CCCCF36C384B}.Debug|Any CPU.ActiveCfg = Debug|Any CPU
		{EDD1E0A2-F00F-467A-B19E-CCCCF36C384B}.Debug|Any CPU.Build.0 = Debug|Any CPU
		{EDD1E0A2-F00F-467A-B19E-CCCCF36C384B}.Release|Any CPU.ActiveCfg = Release|Any CPU
		{EDD1E0A2-F00F-467A-B19E-CCCCF36C384B}.Release|Any CPU.Build.0 = Release|Any CPU
		{6F734EF6-9511-4892-B848-727AAE54F6CE}.Debug|Any CPU.ActiveCfg = Debug|Any CPU
		{6F734EF6-9511-4892-B848-727AAE54F6CE}.Debug|Any CPU.Build.0 = Debug|Any CPU
		{6F734EF6-9511-4892-B848-727AAE54F6CE}.Release|Any CPU.ActiveCfg = Release|Any CPU
		{6F734EF6-9511-4892-B848-727AAE54F6CE}.Release|Any CPU.Build.0 = Release|Any CPU
		{5C48B17F-7377-4B76-8B65-7852FF6A0793}.Debug|Any CPU.ActiveCfg = Debug|Any CPU
		{5C48B17F-7377-4B76-8B65-7852FF6A0793}.Debug|Any CPU.Build.0 = Debug|Any CPU
		{5C48B17F-7377-4B76-8B65-7852FF6A0793}.Release|Any CPU.ActiveCfg = Release|Any CPU
		{5C48B17F-7377-4B76-8B65-7852FF6A0793}.Release|Any CPU.Build.0 = Release|Any CPU
		{32EC3BB5-4D7D-46D3-8E5F-1E7714B349DA}.Debug|Any CPU.ActiveCfg = Debug|Any CPU
		{32EC3BB5-4D7D-46D3-8E5F-1E7714B349DA}.Debug|Any CPU.Build.0 = Debug|Any CPU
		{32EC3BB5-4D7D-46D3-8E5F-1E7714B349DA}.Release|Any CPU.ActiveCfg = Release|Any CPU
		{32EC3BB5-4D7D-46D3-8E5F-1E7714B349DA}.Release|Any CPU.Build.0 = Release|Any CPU
		{87AB4142-C124-4ED7-8947-B3F884C64A0B}.Debug|Any CPU.ActiveCfg = Debug|Any CPU
		{87AB4142-C124-4ED7-8947-B3F884C64A0B}.Debug|Any CPU.Build.0 = Debug|Any CPU
		{87AB4142-C124-4ED7-8947-B3F884C64A0B}.Release|Any CPU.ActiveCfg = Release|Any CPU
		{87AB4142-C124-4ED7-8947-B3F884C64A0B}.Release|Any CPU.Build.0 = Release|Any CPU
		{1F5E245A-6E7D-4125-8191-703FA16918B9}.Debug|Any CPU.ActiveCfg = Debug|Any CPU
		{1F5E245A-6E7D-4125-8191-703FA16918B9}.Debug|Any CPU.Build.0 = Debug|Any CPU
		{1F5E245A-6E7D-4125-8191-703FA16918B9}.Release|Any CPU.ActiveCfg = Release|Any CPU
		{1F5E245A-6E7D-4125-8191-703FA16918B9}.Release|Any CPU.Build.0 = Release|Any CPU
		{AA636ABC-3006-4C06-AAFC-F506BFF625FD}.Debug|Any CPU.ActiveCfg = Debug|Any CPU
		{AA636ABC-3006-4C06-AAFC-F506BFF625FD}.Debug|Any CPU.Build.0 = Debug|Any CPU
		{AA636ABC-3006-4C06-AAFC-F506BFF625FD}.Release|Any CPU.ActiveCfg = Release|Any CPU
		{AA636ABC-3006-4C06-AAFC-F506BFF625FD}.Release|Any CPU.Build.0 = Release|Any CPU
		{5F393A47-8C4C-436F-830C-E2D13FC64333}.Debug|Any CPU.ActiveCfg = Debug|Any CPU
		{5F393A47-8C4C-436F-830C-E2D13FC64333}.Debug|Any CPU.Build.0 = Debug|Any CPU
		{5F393A47-8C4C-436F-830C-E2D13FC64333}.Release|Any CPU.ActiveCfg = Release|Any CPU
		{5F393A47-8C4C-436F-830C-E2D13FC64333}.Release|Any CPU.Build.0 = Release|Any CPU
		{2011E9AF-AAF6-4DF5-9CFC-68C603A920F9}.Debug|Any CPU.ActiveCfg = Debug|Any CPU
		{2011E9AF-AAF6-4DF5-9CFC-68C603A920F9}.Debug|Any CPU.Build.0 = Debug|Any CPU
		{2011E9AF-AAF6-4DF5-9CFC-68C603A920F9}.Release|Any CPU.ActiveCfg = Release|Any CPU
		{2011E9AF-AAF6-4DF5-9CFC-68C603A920F9}.Release|Any CPU.Build.0 = Release|Any CPU
		{259D543A-7D18-4ECB-9696-B63C8E6BE8E9}.Debug|Any CPU.ActiveCfg = Debug|Any CPU
		{259D543A-7D18-4ECB-9696-B63C8E6BE8E9}.Debug|Any CPU.Build.0 = Debug|Any CPU
		{259D543A-7D18-4ECB-9696-B63C8E6BE8E9}.Release|Any CPU.ActiveCfg = Release|Any CPU
		{259D543A-7D18-4ECB-9696-B63C8E6BE8E9}.Release|Any CPU.Build.0 = Release|Any CPU
		{29716AEC-65C2-4BCC-9421-84CE3B669E73}.Debug|Any CPU.ActiveCfg = Debug|Any CPU
		{29716AEC-65C2-4BCC-9421-84CE3B669E73}.Debug|Any CPU.Build.0 = Debug|Any CPU
		{29716AEC-65C2-4BCC-9421-84CE3B669E73}.Release|Any CPU.ActiveCfg = Release|Any CPU
		{29716AEC-65C2-4BCC-9421-84CE3B669E73}.Release|Any CPU.Build.0 = Release|Any CPU
		{79B2EA6B-FA79-473A-8498-B916E89292FE}.Debug|Any CPU.ActiveCfg = Debug|Any CPU
		{79B2EA6B-FA79-473A-8498-B916E89292FE}.Debug|Any CPU.Build.0 = Debug|Any CPU
		{79B2EA6B-FA79-473A-8498-B916E89292FE}.Release|Any CPU.ActiveCfg = Release|Any CPU
		{79B2EA6B-FA79-473A-8498-B916E89292FE}.Release|Any CPU.Build.0 = Release|Any CPU
		{A1F151C3-1DA2-415F-AB9E-B02B683B5A7B}.Debug|Any CPU.ActiveCfg = Debug|Any CPU
		{A1F151C3-1DA2-415F-AB9E-B02B683B5A7B}.Debug|Any CPU.Build.0 = Debug|Any CPU
		{A1F151C3-1DA2-415F-AB9E-B02B683B5A7B}.Release|Any CPU.ActiveCfg = Release|Any CPU
		{A1F151C3-1DA2-415F-AB9E-B02B683B5A7B}.Release|Any CPU.Build.0 = Release|Any CPU
		{4A8ADFC2-C2E8-46D7-89E8-23564F81DF21}.Debug|Any CPU.ActiveCfg = Debug|Any CPU
		{4A8ADFC2-C2E8-46D7-89E8-23564F81DF21}.Debug|Any CPU.Build.0 = Debug|Any CPU
		{4A8ADFC2-C2E8-46D7-89E8-23564F81DF21}.Release|Any CPU.ActiveCfg = Release|Any CPU
		{4A8ADFC2-C2E8-46D7-89E8-23564F81DF21}.Release|Any CPU.Build.0 = Release|Any CPU
		{5EEB5198-EDD8-4924-8D7D-3188462B3E8C}.Debug|Any CPU.ActiveCfg = Debug|Any CPU
		{5EEB5198-EDD8-4924-8D7D-3188462B3E8C}.Debug|Any CPU.Build.0 = Debug|Any CPU
		{5EEB5198-EDD8-4924-8D7D-3188462B3E8C}.Release|Any CPU.ActiveCfg = Release|Any CPU
		{5EEB5198-EDD8-4924-8D7D-3188462B3E8C}.Release|Any CPU.Build.0 = Release|Any CPU
		{1C5103C3-6746-49DF-B592-23E4AC3276F9}.Debug|Any CPU.ActiveCfg = Debug|Any CPU
		{1C5103C3-6746-49DF-B592-23E4AC3276F9}.Debug|Any CPU.Build.0 = Debug|Any CPU
		{1C5103C3-6746-49DF-B592-23E4AC3276F9}.Release|Any CPU.ActiveCfg = Release|Any CPU
		{1C5103C3-6746-49DF-B592-23E4AC3276F9}.Release|Any CPU.Build.0 = Release|Any CPU
		{E57C6FC7-F253-4D5C-8B8C-858D3A0879FD}.Debug|Any CPU.ActiveCfg = Debug|Any CPU
		{E57C6FC7-F253-4D5C-8B8C-858D3A0879FD}.Debug|Any CPU.Build.0 = Debug|Any CPU
		{E57C6FC7-F253-4D5C-8B8C-858D3A0879FD}.Release|Any CPU.ActiveCfg = Release|Any CPU
		{E57C6FC7-F253-4D5C-8B8C-858D3A0879FD}.Release|Any CPU.Build.0 = Release|Any CPU
		{76986EBF-E12B-4F82-84BC-4B137AEDD369}.Debug|Any CPU.ActiveCfg = Debug|Any CPU
		{76986EBF-E12B-4F82-84BC-4B137AEDD369}.Debug|Any CPU.Build.0 = Debug|Any CPU
		{76986EBF-E12B-4F82-84BC-4B137AEDD369}.Release|Any CPU.ActiveCfg = Release|Any CPU
		{76986EBF-E12B-4F82-84BC-4B137AEDD369}.Release|Any CPU.Build.0 = Release|Any CPU
		{6CFEB184-1D48-4318-8938-745C3B784AFA}.Debug|Any CPU.ActiveCfg = Debug|Any CPU
		{6CFEB184-1D48-4318-8938-745C3B784AFA}.Debug|Any CPU.Build.0 = Debug|Any CPU
		{6CFEB184-1D48-4318-8938-745C3B784AFA}.Release|Any CPU.ActiveCfg = Release|Any CPU
		{6CFEB184-1D48-4318-8938-745C3B784AFA}.Release|Any CPU.Build.0 = Release|Any CPU
		{6A77E746-AA52-4296-93C0-86B6AB6DA2AE}.Debug|Any CPU.ActiveCfg = Debug|Any CPU
		{6A77E746-AA52-4296-93C0-86B6AB6DA2AE}.Debug|Any CPU.Build.0 = Debug|Any CPU
		{6A77E746-AA52-4296-93C0-86B6AB6DA2AE}.Release|Any CPU.ActiveCfg = Release|Any CPU
		{6A77E746-AA52-4296-93C0-86B6AB6DA2AE}.Release|Any CPU.Build.0 = Release|Any CPU
		{130C003B-027C-4C68-87F8-7858B1AD2866}.Debug|Any CPU.ActiveCfg = Debug|Any CPU
		{130C003B-027C-4C68-87F8-7858B1AD2866}.Debug|Any CPU.Build.0 = Debug|Any CPU
		{130C003B-027C-4C68-87F8-7858B1AD2866}.Release|Any CPU.ActiveCfg = Release|Any CPU
		{130C003B-027C-4C68-87F8-7858B1AD2866}.Release|Any CPU.Build.0 = Release|Any CPU
		{EEC942F9-41A7-45A1-964A-C7E8C91C06E5}.Debug|Any CPU.ActiveCfg = Debug|Any CPU
		{EEC942F9-41A7-45A1-964A-C7E8C91C06E5}.Debug|Any CPU.Build.0 = Debug|Any CPU
		{EEC942F9-41A7-45A1-964A-C7E8C91C06E5}.Release|Any CPU.ActiveCfg = Release|Any CPU
		{EEC942F9-41A7-45A1-964A-C7E8C91C06E5}.Release|Any CPU.Build.0 = Release|Any CPU
		{4A26A439-72EE-4720-9364-2898F3A7E817}.Debug|Any CPU.ActiveCfg = Debug|Any CPU
		{4A26A439-72EE-4720-9364-2898F3A7E817}.Debug|Any CPU.Build.0 = Debug|Any CPU
		{4A26A439-72EE-4720-9364-2898F3A7E817}.Release|Any CPU.ActiveCfg = Release|Any CPU
		{4A26A439-72EE-4720-9364-2898F3A7E817}.Release|Any CPU.Build.0 = Release|Any CPU
		{874F10B3-457C-4985-9FD1-95BD60CF327F}.Debug|Any CPU.ActiveCfg = Debug|Any CPU
		{874F10B3-457C-4985-9FD1-95BD60CF327F}.Debug|Any CPU.Build.0 = Debug|Any CPU
		{874F10B3-457C-4985-9FD1-95BD60CF327F}.Release|Any CPU.ActiveCfg = Release|Any CPU
		{874F10B3-457C-4985-9FD1-95BD60CF327F}.Release|Any CPU.Build.0 = Release|Any CPU
		{073B6E3E-496D-4B49-9106-6A5E48C389AC}.Debug|Any CPU.ActiveCfg = Debug|Any CPU
		{073B6E3E-496D-4B49-9106-6A5E48C389AC}.Debug|Any CPU.Build.0 = Debug|Any CPU
		{073B6E3E-496D-4B49-9106-6A5E48C389AC}.Release|Any CPU.ActiveCfg = Release|Any CPU
		{073B6E3E-496D-4B49-9106-6A5E48C389AC}.Release|Any CPU.Build.0 = Release|Any CPU
		{329BD7E9-BFDE-438E-BF39-D74B171155C7}.Debug|Any CPU.ActiveCfg = Debug|Any CPU
		{329BD7E9-BFDE-438E-BF39-D74B171155C7}.Debug|Any CPU.Build.0 = Debug|Any CPU
		{329BD7E9-BFDE-438E-BF39-D74B171155C7}.Release|Any CPU.ActiveCfg = Release|Any CPU
		{329BD7E9-BFDE-438E-BF39-D74B171155C7}.Release|Any CPU.Build.0 = Release|Any CPU
		{92A670D7-7675-4CCA-B494-698ABC5A6889}.Debug|Any CPU.ActiveCfg = Debug|Any CPU
		{92A670D7-7675-4CCA-B494-698ABC5A6889}.Debug|Any CPU.Build.0 = Debug|Any CPU
		{92A670D7-7675-4CCA-B494-698ABC5A6889}.Release|Any CPU.ActiveCfg = Release|Any CPU
		{92A670D7-7675-4CCA-B494-698ABC5A6889}.Release|Any CPU.Build.0 = Release|Any CPU
		{12E56D54-921B-4760-BD36-4649D7685BCE}.Debug|Any CPU.ActiveCfg = Debug|Any CPU
		{12E56D54-921B-4760-BD36-4649D7685BCE}.Debug|Any CPU.Build.0 = Debug|Any CPU
		{12E56D54-921B-4760-BD36-4649D7685BCE}.Release|Any CPU.ActiveCfg = Release|Any CPU
		{12E56D54-921B-4760-BD36-4649D7685BCE}.Release|Any CPU.Build.0 = Release|Any CPU
		{559B253C-7FD2-414D-93FA-A3A25A06E9D8}.Debug|Any CPU.ActiveCfg = Debug|Any CPU
		{559B253C-7FD2-414D-93FA-A3A25A06E9D8}.Debug|Any CPU.Build.0 = Debug|Any CPU
		{559B253C-7FD2-414D-93FA-A3A25A06E9D8}.Release|Any CPU.ActiveCfg = Release|Any CPU
		{559B253C-7FD2-414D-93FA-A3A25A06E9D8}.Release|Any CPU.Build.0 = Release|Any CPU
		{BCA43D58-85FA-4E8B-8184-83AF5E0BC464}.Debug|Any CPU.ActiveCfg = Debug|Any CPU
		{BCA43D58-85FA-4E8B-8184-83AF5E0BC464}.Debug|Any CPU.Build.0 = Debug|Any CPU
		{BCA43D58-85FA-4E8B-8184-83AF5E0BC464}.Release|Any CPU.ActiveCfg = Release|Any CPU
		{BCA43D58-85FA-4E8B-8184-83AF5E0BC464}.Release|Any CPU.Build.0 = Release|Any CPU
		{8FD7D0A3-9F92-4A78-95A7-8E8D85F9BCEC}.Debug|Any CPU.ActiveCfg = Debug|Any CPU
		{8FD7D0A3-9F92-4A78-95A7-8E8D85F9BCEC}.Debug|Any CPU.Build.0 = Debug|Any CPU
		{8FD7D0A3-9F92-4A78-95A7-8E8D85F9BCEC}.Release|Any CPU.ActiveCfg = Release|Any CPU
		{8FD7D0A3-9F92-4A78-95A7-8E8D85F9BCEC}.Release|Any CPU.Build.0 = Release|Any CPU
		{D4A950F6-B65D-4336-9F26-E8CB80242AAD}.Debug|Any CPU.ActiveCfg = Debug|Any CPU
		{D4A950F6-B65D-4336-9F26-E8CB80242AAD}.Debug|Any CPU.Build.0 = Debug|Any CPU
		{D4A950F6-B65D-4336-9F26-E8CB80242AAD}.Release|Any CPU.ActiveCfg = Release|Any CPU
		{D4A950F6-B65D-4336-9F26-E8CB80242AAD}.Release|Any CPU.Build.0 = Release|Any CPU
		{5168B760-C72E-419A-BF3B-AEAB8FAF3DD7}.Debug|Any CPU.ActiveCfg = Debug|Any CPU
		{5168B760-C72E-419A-BF3B-AEAB8FAF3DD7}.Debug|Any CPU.Build.0 = Debug|Any CPU
		{5168B760-C72E-419A-BF3B-AEAB8FAF3DD7}.Release|Any CPU.ActiveCfg = Release|Any CPU
		{5168B760-C72E-419A-BF3B-AEAB8FAF3DD7}.Release|Any CPU.Build.0 = Release|Any CPU
		{2439558C-5966-4E58-84C3-86760F351F31}.Debug|Any CPU.ActiveCfg = Debug|Any CPU
		{2439558C-5966-4E58-84C3-86760F351F31}.Debug|Any CPU.Build.0 = Debug|Any CPU
		{2439558C-5966-4E58-84C3-86760F351F31}.Release|Any CPU.ActiveCfg = Release|Any CPU
		{2439558C-5966-4E58-84C3-86760F351F31}.Release|Any CPU.Build.0 = Release|Any CPU
		{951CB6D3-2EE9-4586-8B14-EC1088CC22FC}.Debug|Any CPU.ActiveCfg = Debug|Any CPU
		{951CB6D3-2EE9-4586-8B14-EC1088CC22FC}.Debug|Any CPU.Build.0 = Debug|Any CPU
		{951CB6D3-2EE9-4586-8B14-EC1088CC22FC}.Release|Any CPU.ActiveCfg = Release|Any CPU
		{951CB6D3-2EE9-4586-8B14-EC1088CC22FC}.Release|Any CPU.Build.0 = Release|Any CPU
		{2C6B1770-E336-4B57-9647-2355BA7E0AEA}.Debug|Any CPU.ActiveCfg = Debug|Any CPU
		{2C6B1770-E336-4B57-9647-2355BA7E0AEA}.Debug|Any CPU.Build.0 = Debug|Any CPU
		{2C6B1770-E336-4B57-9647-2355BA7E0AEA}.Release|Any CPU.ActiveCfg = Release|Any CPU
		{2C6B1770-E336-4B57-9647-2355BA7E0AEA}.Release|Any CPU.Build.0 = Release|Any CPU
		{E1FB9CCA-6DFC-40EC-8E1F-4061893586A2}.Debug|Any CPU.ActiveCfg = Debug|Any CPU
		{E1FB9CCA-6DFC-40EC-8E1F-4061893586A2}.Debug|Any CPU.Build.0 = Debug|Any CPU
		{E1FB9CCA-6DFC-40EC-8E1F-4061893586A2}.Release|Any CPU.ActiveCfg = Release|Any CPU
		{E1FB9CCA-6DFC-40EC-8E1F-4061893586A2}.Release|Any CPU.Build.0 = Release|Any CPU
		{96394EF2-B2C8-402A-A472-344865E652D9}.Debug|Any CPU.ActiveCfg = Debug|Any CPU
		{96394EF2-B2C8-402A-A472-344865E652D9}.Debug|Any CPU.Build.0 = Debug|Any CPU
		{96394EF2-B2C8-402A-A472-344865E652D9}.Release|Any CPU.ActiveCfg = Release|Any CPU
		{96394EF2-B2C8-402A-A472-344865E652D9}.Release|Any CPU.Build.0 = Release|Any CPU
		{72DFE72D-63E3-47F1-8411-8FFDE5CB090C}.Debug|Any CPU.ActiveCfg = Debug|Any CPU
		{72DFE72D-63E3-47F1-8411-8FFDE5CB090C}.Debug|Any CPU.Build.0 = Debug|Any CPU
		{72DFE72D-63E3-47F1-8411-8FFDE5CB090C}.Release|Any CPU.ActiveCfg = Release|Any CPU
		{72DFE72D-63E3-47F1-8411-8FFDE5CB090C}.Release|Any CPU.Build.0 = Release|Any CPU
		{138F6646-BC5E-4CF2-BC8A-454CCA9D0D4C}.Debug|Any CPU.ActiveCfg = Debug|Any CPU
		{138F6646-BC5E-4CF2-BC8A-454CCA9D0D4C}.Debug|Any CPU.Build.0 = Debug|Any CPU
		{138F6646-BC5E-4CF2-BC8A-454CCA9D0D4C}.Release|Any CPU.ActiveCfg = Release|Any CPU
		{138F6646-BC5E-4CF2-BC8A-454CCA9D0D4C}.Release|Any CPU.Build.0 = Release|Any CPU
		{53708ED3-E59E-4D1F-ACAD-B8215D18C26E}.Debug|Any CPU.ActiveCfg = Debug|Any CPU
		{53708ED3-E59E-4D1F-ACAD-B8215D18C26E}.Debug|Any CPU.Build.0 = Debug|Any CPU
		{53708ED3-E59E-4D1F-ACAD-B8215D18C26E}.Release|Any CPU.ActiveCfg = Release|Any CPU
		{53708ED3-E59E-4D1F-ACAD-B8215D18C26E}.Release|Any CPU.Build.0 = Release|Any CPU
		{EB43F2A9-8C3C-4E2C-8F42-03F47729F16E}.Debug|Any CPU.ActiveCfg = Debug|Any CPU
		{EB43F2A9-8C3C-4E2C-8F42-03F47729F16E}.Debug|Any CPU.Build.0 = Debug|Any CPU
		{EB43F2A9-8C3C-4E2C-8F42-03F47729F16E}.Release|Any CPU.ActiveCfg = Release|Any CPU
		{EB43F2A9-8C3C-4E2C-8F42-03F47729F16E}.Release|Any CPU.Build.0 = Release|Any CPU
		{33135F1A-0B5C-4669-A446-D266AD39D863}.Debug|Any CPU.ActiveCfg = Debug|Any CPU
		{33135F1A-0B5C-4669-A446-D266AD39D863}.Debug|Any CPU.Build.0 = Debug|Any CPU
		{33135F1A-0B5C-4669-A446-D266AD39D863}.Release|Any CPU.ActiveCfg = Release|Any CPU
		{33135F1A-0B5C-4669-A446-D266AD39D863}.Release|Any CPU.Build.0 = Release|Any CPU
		{B4CDA77F-1C1E-4B5C-A339-4407515E9EC1}.Debug|Any CPU.ActiveCfg = Debug|Any CPU
		{B4CDA77F-1C1E-4B5C-A339-4407515E9EC1}.Debug|Any CPU.Build.0 = Debug|Any CPU
		{B4CDA77F-1C1E-4B5C-A339-4407515E9EC1}.Release|Any CPU.ActiveCfg = Release|Any CPU
		{B4CDA77F-1C1E-4B5C-A339-4407515E9EC1}.Release|Any CPU.Build.0 = Release|Any CPU
		{607E8139-10B3-4B78-BE03-7B2DEDC80472}.Debug|Any CPU.ActiveCfg = Debug|Any CPU
		{607E8139-10B3-4B78-BE03-7B2DEDC80472}.Debug|Any CPU.Build.0 = Debug|Any CPU
		{607E8139-10B3-4B78-BE03-7B2DEDC80472}.Release|Any CPU.ActiveCfg = Release|Any CPU
		{607E8139-10B3-4B78-BE03-7B2DEDC80472}.Release|Any CPU.Build.0 = Release|Any CPU
		{617FE1FE-2DB0-468F-8AA1-B6C4674F7626}.Debug|Any CPU.ActiveCfg = Debug|Any CPU
		{617FE1FE-2DB0-468F-8AA1-B6C4674F7626}.Debug|Any CPU.Build.0 = Debug|Any CPU
		{617FE1FE-2DB0-468F-8AA1-B6C4674F7626}.Release|Any CPU.ActiveCfg = Release|Any CPU
		{617FE1FE-2DB0-468F-8AA1-B6C4674F7626}.Release|Any CPU.Build.0 = Release|Any CPU
		{D299A545-668D-4A65-B8F4-34F539960311}.Debug|Any CPU.ActiveCfg = Debug|Any CPU
		{D299A545-668D-4A65-B8F4-34F539960311}.Debug|Any CPU.Build.0 = Debug|Any CPU
		{D299A545-668D-4A65-B8F4-34F539960311}.Release|Any CPU.ActiveCfg = Release|Any CPU
		{D299A545-668D-4A65-B8F4-34F539960311}.Release|Any CPU.Build.0 = Release|Any CPU
		{97A12A3E-D0FE-466E-A6FE-9B68F8E1B189}.Debug|Any CPU.ActiveCfg = Debug|Any CPU
		{97A12A3E-D0FE-466E-A6FE-9B68F8E1B189}.Debug|Any CPU.Build.0 = Debug|Any CPU
		{97A12A3E-D0FE-466E-A6FE-9B68F8E1B189}.Release|Any CPU.ActiveCfg = Release|Any CPU
		{97A12A3E-D0FE-466E-A6FE-9B68F8E1B189}.Release|Any CPU.Build.0 = Release|Any CPU
		{7157B795-19BC-4A10-9576-D26FDF0F86D8}.Debug|Any CPU.ActiveCfg = Debug|Any CPU
		{7157B795-19BC-4A10-9576-D26FDF0F86D8}.Debug|Any CPU.Build.0 = Debug|Any CPU
		{7157B795-19BC-4A10-9576-D26FDF0F86D8}.Release|Any CPU.ActiveCfg = Release|Any CPU
		{7157B795-19BC-4A10-9576-D26FDF0F86D8}.Release|Any CPU.Build.0 = Release|Any CPU
		{E6E439DA-CD76-45A7-B31A-08B029070330}.Debug|Any CPU.ActiveCfg = Debug|Any CPU
		{E6E439DA-CD76-45A7-B31A-08B029070330}.Debug|Any CPU.Build.0 = Debug|Any CPU
		{E6E439DA-CD76-45A7-B31A-08B029070330}.Release|Any CPU.ActiveCfg = Release|Any CPU
		{E6E439DA-CD76-45A7-B31A-08B029070330}.Release|Any CPU.Build.0 = Release|Any CPU
		{D1F1F169-C707-416F-B1B7-D0E873B30BBF}.Debug|Any CPU.ActiveCfg = Debug|Any CPU
		{D1F1F169-C707-416F-B1B7-D0E873B30BBF}.Debug|Any CPU.Build.0 = Debug|Any CPU
		{D1F1F169-C707-416F-B1B7-D0E873B30BBF}.Release|Any CPU.ActiveCfg = Release|Any CPU
		{D1F1F169-C707-416F-B1B7-D0E873B30BBF}.Release|Any CPU.Build.0 = Release|Any CPU
		{C65FD3AE-9DA3-4833-8B25-CA3CDBEA8F9C}.Debug|Any CPU.ActiveCfg = Debug|Any CPU
		{C65FD3AE-9DA3-4833-8B25-CA3CDBEA8F9C}.Debug|Any CPU.Build.0 = Debug|Any CPU
		{C65FD3AE-9DA3-4833-8B25-CA3CDBEA8F9C}.Release|Any CPU.ActiveCfg = Release|Any CPU
		{C65FD3AE-9DA3-4833-8B25-CA3CDBEA8F9C}.Release|Any CPU.Build.0 = Release|Any CPU
		{565F69FE-26EF-408D-99B6-3446D801AED4}.Debug|Any CPU.ActiveCfg = Debug|Any CPU
		{565F69FE-26EF-408D-99B6-3446D801AED4}.Debug|Any CPU.Build.0 = Debug|Any CPU
		{565F69FE-26EF-408D-99B6-3446D801AED4}.Release|Any CPU.ActiveCfg = Release|Any CPU
		{565F69FE-26EF-408D-99B6-3446D801AED4}.Release|Any CPU.Build.0 = Release|Any CPU
		{215F6333-123A-4A54-A1BB-AC87B7F35BA3}.Debug|Any CPU.ActiveCfg = Debug|Any CPU
		{215F6333-123A-4A54-A1BB-AC87B7F35BA3}.Debug|Any CPU.Build.0 = Debug|Any CPU
		{215F6333-123A-4A54-A1BB-AC87B7F35BA3}.Release|Any CPU.ActiveCfg = Release|Any CPU
		{215F6333-123A-4A54-A1BB-AC87B7F35BA3}.Release|Any CPU.Build.0 = Release|Any CPU
		{FD0152D5-3A56-4513-B871-4D1C808803E4}.Debug|Any CPU.ActiveCfg = Debug|Any CPU
		{FD0152D5-3A56-4513-B871-4D1C808803E4}.Debug|Any CPU.Build.0 = Debug|Any CPU
		{FD0152D5-3A56-4513-B871-4D1C808803E4}.Release|Any CPU.ActiveCfg = Release|Any CPU
		{FD0152D5-3A56-4513-B871-4D1C808803E4}.Release|Any CPU.Build.0 = Release|Any CPU
		{1A2F3AFB-8C56-4C83-B609-02CA19ED1EA5}.Debug|Any CPU.ActiveCfg = Debug|Any CPU
		{1A2F3AFB-8C56-4C83-B609-02CA19ED1EA5}.Debug|Any CPU.Build.0 = Debug|Any CPU
		{1A2F3AFB-8C56-4C83-B609-02CA19ED1EA5}.Release|Any CPU.ActiveCfg = Release|Any CPU
		{1A2F3AFB-8C56-4C83-B609-02CA19ED1EA5}.Release|Any CPU.Build.0 = Release|Any CPU
		{18EC49F4-1D7F-4811-9A71-1EF9882D8DF6}.Debug|Any CPU.ActiveCfg = Debug|Any CPU
		{18EC49F4-1D7F-4811-9A71-1EF9882D8DF6}.Debug|Any CPU.Build.0 = Debug|Any CPU
		{18EC49F4-1D7F-4811-9A71-1EF9882D8DF6}.Release|Any CPU.ActiveCfg = Release|Any CPU
		{18EC49F4-1D7F-4811-9A71-1EF9882D8DF6}.Release|Any CPU.Build.0 = Release|Any CPU
		{1D88A2DB-9C31-4C22-A542-43803D556BCA}.Debug|Any CPU.ActiveCfg = Debug|Any CPU
		{1D88A2DB-9C31-4C22-A542-43803D556BCA}.Debug|Any CPU.Build.0 = Debug|Any CPU
		{1D88A2DB-9C31-4C22-A542-43803D556BCA}.Release|Any CPU.ActiveCfg = Release|Any CPU
		{1D88A2DB-9C31-4C22-A542-43803D556BCA}.Release|Any CPU.Build.0 = Release|Any CPU
		{12F09326-B69A-49BA-89B8-120363528962}.Debug|Any CPU.ActiveCfg = Debug|Any CPU
		{12F09326-B69A-49BA-89B8-120363528962}.Debug|Any CPU.Build.0 = Debug|Any CPU
		{12F09326-B69A-49BA-89B8-120363528962}.Release|Any CPU.ActiveCfg = Release|Any CPU
		{12F09326-B69A-49BA-89B8-120363528962}.Release|Any CPU.Build.0 = Release|Any CPU
		{9AD45779-9BE3-44E2-8F9C-D1FB865FCD0E}.Debug|Any CPU.ActiveCfg = Debug|Any CPU
		{9AD45779-9BE3-44E2-8F9C-D1FB865FCD0E}.Debug|Any CPU.Build.0 = Debug|Any CPU
		{9AD45779-9BE3-44E2-8F9C-D1FB865FCD0E}.Release|Any CPU.ActiveCfg = Release|Any CPU
		{9AD45779-9BE3-44E2-8F9C-D1FB865FCD0E}.Release|Any CPU.Build.0 = Release|Any CPU
		{D03A8B1B-5913-406F-B0EE-195B8D30CA54}.Debug|Any CPU.ActiveCfg = Debug|Any CPU
		{D03A8B1B-5913-406F-B0EE-195B8D30CA54}.Debug|Any CPU.Build.0 = Debug|Any CPU
		{D03A8B1B-5913-406F-B0EE-195B8D30CA54}.Release|Any CPU.ActiveCfg = Release|Any CPU
		{D03A8B1B-5913-406F-B0EE-195B8D30CA54}.Release|Any CPU.Build.0 = Release|Any CPU
		{2E4F5A50-845E-4021-9EC6-33A243D5AFCA}.Debug|Any CPU.ActiveCfg = Debug|Any CPU
		{2E4F5A50-845E-4021-9EC6-33A243D5AFCA}.Debug|Any CPU.Build.0 = Debug|Any CPU
		{2E4F5A50-845E-4021-9EC6-33A243D5AFCA}.Release|Any CPU.ActiveCfg = Release|Any CPU
		{2E4F5A50-845E-4021-9EC6-33A243D5AFCA}.Release|Any CPU.Build.0 = Release|Any CPU
	EndGlobalSection
	GlobalSection(SolutionProperties) = preSolution
		HideSolutionNode = FALSE
	EndGlobalSection
	GlobalSection(ExtensibilityGlobals) = postSolution
		SolutionGuid = {74E4CB8E-D94C-465B-B130-8617882DBF66}
	EndGlobalSection
EndGlobal
